{
	"name": "@svelte-material-ui/tab-indicator",
	"version": "1.0.0-beta.5",
	"lockfileVersion": 1,
	"requires": true,
	"dependencies": {
		"@material/animation": {
			"version": "3.1.0",
			"resolved": "https://registry.npmjs.org/@material/animation/-/animation-3.1.0.tgz",
			"integrity": "sha512-ZfP95awrPBLhpaCTPNx+xKYPp2D88fzf5p5YNVp6diUAGRpq3g12Aq7qJfIHDXAFo5CtrYhgOKRqIKxUVcFisQ==",
			"requires": {
				"tslib": "^1.9.3"
			}
		},
		"@material/base": {
			"version": "3.1.0",
			"resolved": "https://registry.npmjs.org/@material/base/-/base-3.1.0.tgz",
			"integrity": "sha512-pWEBHyPrMV3rdnjqWWH96h5t3MxQI6V1J9jOor+UBG7bXQtr6InTabTqhz5CLY7r+qZU8YvNh2OKIy8heP0cyQ==",
			"requires": {
				"tslib": "^1.9.3"
			}
		},
		"@material/feature-targeting": {
			"version": "3.1.0",
			"resolved": "https://registry.npmjs.org/@material/feature-targeting/-/feature-targeting-3.1.0.tgz",
			"integrity": "sha512-aXAa1Pv6w32URacE9LfMsl9zI6hFwx1K0Lp3Xpyf4rAkmaAB6z0gOkhicOrVFc0f64YheJgHjE7hJFieVenQdw=="
		},
		"@material/tab-indicator": {
			"version": "3.1.0",
			"resolved": "https://registry.npmjs.org/@material/tab-indicator/-/tab-indicator-3.1.0.tgz",
			"integrity": "sha512-U4H1bg792ZP4BzjiG3i3htHKmRGlGUZ8c9iroRN6W5B4hYQ5/4DbFA2h2OaAZ1fhyjHiyFosK5ctvgu7qSfZ/g==",
			"requires": {
				"@material/animation": "^3.1.0",
				"@material/base": "^3.1.0",
				"@material/feature-targeting": "^3.1.0",
				"@material/theme": "^3.1.0",
				"tslib": "^1.9.3"
			}
		},
		"@material/theme": {
			"version": "3.1.0",
			"resolved": "https://registry.npmjs.org/@material/theme/-/theme-3.1.0.tgz",
			"integrity": "sha512-N4JX+akOwg1faAvFvIEhDcwW4cZfUpwEn8lct6Vs3WczjLF6/KdIoLVaYh+eVl1bzfsoIuWvx56j0B1PjXZw9g==",
			"requires": {
				"@material/feature-targeting": "^3.1.0"
			}
		},
		"@svelte-material-ui/common": {
			"version": "1.0.0-beta.5",
			"resolved": "https://registry.npmjs.org/@svelte-material-ui/common/-/common-1.0.0-beta.5.tgz",
			"integrity": "sha512-U/3Opz45w2dQ6saCV0L/0ND6MlRTM83Gn93Lv5mBTrVULVV0pTqpz1GjDklGxYMBenS5z/VMNr9/UgOWUwz7vg==",
			"requires": {
				"svelte": "^3.0"
			}
		},
		"svelte": {
			"version": "3.9.1",
			"resolved": "https://registry.npmjs.org/svelte/-/svelte-3.9.1.tgz",
			"integrity": "sha512-oy6FjffuCzPueBnzs8SxkV5VaOS+VX/eUywgE9LCA+skKdXt7wFlpKH3DNi1Uy+K23sb9bzlWxn0AaDQOnEUEw=="
		},
		"tslib": {
			"version": "1.10.0",
			"resolved": "https://registry.npmjs.org/tslib/-/tslib-1.10.0.tgz",
			"integrity": "sha512-qOebF53frne81cf0S9B41ByenJ3/IuH8yJKngAX35CmiZySA0khhkovshKK+jGCaMnVomla7gVlIcc3EvKPbTQ=="
		}
	}
}
