{
	"name": "@smui/radio",
	"version": "6.0.0-beta.2",
	"lockfileVersion": 2,
	"requires": true,
	"packages": {
		"": {
			"name": "@smui/radio",
			"version": "6.0.0-beta.0",
			"license": "Apache-2.0",
			"devDependencies": {
				"@tsconfig/svelte": "^2.0.1"
			}
		},
		"node_modules/@tsconfig/svelte": {
			"version": "2.0.1",
			"resolved": "https://registry.npmjs.org/@tsconfig/svelte/-/svelte-2.0.1.tgz",
			"integrity": "sha512-aqkICXbM1oX5FfgZd2qSSAGdyo/NRxjWCamxoyi3T8iVQnzGge19HhDYzZ6NrVOW7bhcWNSq9XexWFtMzbB24A==",
			"dev": true
		}
	},
	"dependencies": {
		"@tsconfig/svelte": {
			"version": "2.0.1",
			"resolved": "https://registry.npmjs.org/@tsconfig/svelte/-/svelte-2.0.1.tgz",
			"integrity": "sha512-aqkICXbM1oX5FfgZd2qSSAGdyo/NRxjWCamxoyi3T8iVQnzGge19HhDYzZ6NrVOW7bhcWNSq9XexWFtMzbB24A==",
			"dev": true
		}
	}
}
