{
  "name": "svelte-material-ui",
  "version": "1.0.0-beta.2",
  "lockfileVersion": 1,
  "requires": true,
  "dependencies": {
    "@material/animation": {
      "version": "3.1.0",
      "resolved": "https://registry.npmjs.org/@material/animation/-/animation-3.1.0.tgz",
      "integrity": "sha512-ZfP95awrPBLhpaCTPNx+xKYPp2D88fzf5p5YNVp6diUAGRpq3g12Aq7qJfIHDXAFo5CtrYhgOKRqIKxUVcFisQ==",
      "requires": {
        "tslib": "^1.9.3"
      }
    },
    "@material/base": {
      "version": "3.1.0",
      "resolved": "https://registry.npmjs.org/@material/base/-/base-3.1.0.tgz",
      "integrity": "sha512-pWEBHyPrMV3rdnjqWWH96h5t3MxQI6V1J9jOor+UBG7bXQtr6InTabTqhz5CLY7r+qZU8YvNh2OKIy8heP0cyQ==",
      "requires": {
        "tslib": "^1.9.3"
      }
    },
    "@material/button": {
      "version": "3.1.0",
      "resolved": "https://registry.npmjs.org/@material/button/-/button-3.1.0.tgz",
      "integrity": "sha512-DBx3UYtvh8/Vn8/2oDrwrpkyGQrZCElcbkJy8CnZtftbb1P5qVKGvXqEeoND3d0AWTIwdKDYbX3X0zSXQUe3iA==",
      "requires": {
        "@material/elevation": "^3.1.0",
        "@material/feature-targeting": "^3.1.0",
        "@material/ripple": "^3.1.0",
        "@material/rtl": "^3.1.0",
        "@material/shape": "^3.1.0",
        "@material/theme": "^3.1.0",
        "@material/typography": "^3.1.0"
      }
    },
    "@material/card": {
      "version": "3.1.0",
      "resolved": "https://registry.npmjs.org/@material/card/-/card-3.1.0.tgz",
      "integrity": "sha512-NOTr7wbBCOPzw3T2z5zNWJ3XTjmUONhHUJbUs24T1p2FywdgAyJ8a3F9kAcyNuKuITNTdky8/0gmmVv7uJYpUw==",
      "requires": {
        "@material/elevation": "^3.1.0",
        "@material/feature-targeting": "^3.1.0",
        "@material/ripple": "^3.1.0",
        "@material/rtl": "^3.1.0",
        "@material/shape": "^3.1.0",
        "@material/theme": "^3.1.0"
      }
    },
    "@material/checkbox": {
      "version": "3.1.0",
      "resolved": "https://registry.npmjs.org/@material/checkbox/-/checkbox-3.1.0.tgz",
      "integrity": "sha512-Rcv6Srj2p3MTsODPLJLgRzGW142ovQTKblkCy9AxABZriQUPRCV/fkJwB0LlqecHgubhnjhtj2Zui0o9jhfu/w==",
      "requires": {
        "@material/animation": "^3.1.0",
        "@material/base": "^3.1.0",
        "@material/dom": "^3.1.0",
        "@material/feature-targeting": "^3.1.0",
        "@material/ripple": "^3.1.0",
        "@material/rtl": "^3.1.0",
        "@material/theme": "^3.1.0",
        "tslib": "^1.9.3"
      }
    },
    "@material/chips": {
      "version": "3.1.0",
      "resolved": "https://registry.npmjs.org/@material/chips/-/chips-3.1.0.tgz",
      "integrity": "sha512-RCpH0wAj44JmbPxwOgbeESnHebyiD+XRmrPE1V1ObOfAte1bqs2UvPTCNt1LCb02nUTkFnWhQaKzVfotfy3ZYw==",
      "requires": {
        "@material/animation": "^3.1.0",
        "@material/base": "^3.1.0",
        "@material/checkbox": "^3.1.0",
        "@material/elevation": "^3.1.0",
        "@material/feature-targeting": "^3.1.0",
        "@material/ripple": "^3.1.0",
        "@material/shape": "^3.1.0",
        "@material/theme": "^3.1.0",
        "@material/typography": "^3.1.0",
        "tslib": "^1.9.3"
      }
    },
    "@material/data-table": {
      "version": "3.1.1",
      "resolved": "https://registry.npmjs.org/@material/data-table/-/data-table-3.1.1.tgz",
      "integrity": "sha512-6p85gotXObC47KYaEOM1sJKqrXOFkhfHutmrsHMFDLr4B3mCS7XH9KxvBFX4uw9uEZlgiUJBJtbiUIXuHhLIEQ==",
      "requires": {
        "@material/animation": "^3.1.0",
        "@material/base": "^3.1.0",
        "@material/checkbox": "^3.1.0",
        "@material/dom": "^3.1.0",
        "@material/elevation": "^3.1.0",
        "@material/feature-targeting": "^3.1.0",
        "@material/ripple": "^3.1.0",
        "@material/rtl": "^3.1.0",
        "@material/shape": "^3.1.0",
        "@material/theme": "^3.1.0",
        "@material/typography": "^3.1.0",
        "tslib": "^1.10.0"
      }
    },
    "@material/dialog": {
      "version": "3.1.0",
      "resolved": "https://registry.npmjs.org/@material/dialog/-/dialog-3.1.0.tgz",
      "integrity": "sha512-mxir1rx7By1s6Xohs6rPKge8Dw8xCMldpm4m0+PHKJVLxCHydmG3jGWtXE7GtYFWg6T8SfKtAKEylc9y3Y5tVg==",
      "requires": {
        "@material/animation": "^3.1.0",
        "@material/base": "^3.1.0",
        "@material/dom": "^3.1.0",
        "@material/elevation": "^3.1.0",
        "@material/feature-targeting": "^3.1.0",
        "@material/ripple": "^3.1.0",
        "@material/rtl": "^3.1.0",
        "@material/shape": "^3.1.0",
        "@material/theme": "^3.1.0",
        "@material/typography": "^3.1.0",
        "focus-trap": "^5.0.0",
        "tslib": "^1.9.3"
      }
    },
    "@material/dom": {
      "version": "3.1.0",
      "resolved": "https://registry.npmjs.org/@material/dom/-/dom-3.1.0.tgz",
      "integrity": "sha512-RtBLSkrBjMfHwknaGBifAIC8cBWF9pXjz2IYqfI2braB6SfQI4vhdJviwyiA5BmA/psn3cKpBUZbHI0ym0O0SQ==",
      "requires": {
        "tslib": "^1.9.3"
      }
    },
    "@material/drawer": {
      "version": "3.1.1",
      "resolved": "https://registry.npmjs.org/@material/drawer/-/drawer-3.1.1.tgz",
      "integrity": "sha512-OQeQdqo/eE9VbKpgD5YJQTQ7upGTmZONN4WAOuNXg3QV2fZ9y7Ca5+j/i+DSbXKoaYVd0flAxNlW41rP7gnCRw==",
      "requires": {
        "@material/animation": "^3.1.0",
        "@material/base": "^3.1.0",
        "@material/elevation": "^3.1.0",
        "@material/feature-targeting": "^3.1.0",
        "@material/list": "^3.1.0",
        "@material/ripple": "^3.1.0",
        "@material/rtl": "^3.1.0",
        "@material/shape": "^3.1.0",
        "@material/theme": "^3.1.0",
        "@material/typography": "^3.1.0",
        "focus-trap": "^5.0.0",
        "tslib": "^1.9.3"
      }
    },
    "@material/elevation": {
      "version": "3.1.0",
      "resolved": "https://registry.npmjs.org/@material/elevation/-/elevation-3.1.0.tgz",
      "integrity": "sha512-e45LqiG6LfbR1M52YkSLA7pQPeYJOuOVzLp27xy2072TnLuJexMxhEaG4O1novEIjsTtMjqfrfJ/koODU5vEew==",
      "requires": {
        "@material/animation": "^3.1.0",
        "@material/feature-targeting": "^3.1.0",
        "@material/theme": "^3.1.0"
      }
    },
    "@material/fab": {
      "version": "3.1.0",
      "resolved": "https://registry.npmjs.org/@material/fab/-/fab-3.1.0.tgz",
      "integrity": "sha512-/mYsi9u/N7m9XlRR7tyCEh3WlYjrUqKS9FjxTdB08r6v04bTK5G7XTAtnvPrW47QCVWV0iL3FM2iwO0sVXqzZg==",
      "requires": {
        "@material/animation": "^3.1.0",
        "@material/elevation": "^3.1.0",
        "@material/feature-targeting": "^3.1.0",
        "@material/ripple": "^3.1.0",
        "@material/rtl": "^3.1.0",
        "@material/shape": "^3.1.0",
        "@material/theme": "^3.1.0",
        "@material/typography": "^3.1.0"
      }
    },
    "@material/feature-targeting": {
      "version": "3.1.0",
      "resolved": "https://registry.npmjs.org/@material/feature-targeting/-/feature-targeting-3.1.0.tgz",
      "integrity": "sha512-aXAa1Pv6w32URacE9LfMsl9zI6hFwx1K0Lp3Xpyf4rAkmaAB6z0gOkhicOrVFc0f64YheJgHjE7hJFieVenQdw=="
    },
    "@material/floating-label": {
      "version": "3.1.0",
      "resolved": "https://registry.npmjs.org/@material/floating-label/-/floating-label-3.1.0.tgz",
      "integrity": "sha512-dzV/h7EjEMQmiDOdL0h7kETRRrqFC+e8M5KDxnJZ3j/Gbp6JzvXrpvZwwf/DkBK6Sl6xcScmAyGKMjXRXS1O1Q==",
      "requires": {
        "@material/animation": "^3.1.0",
        "@material/base": "^3.1.0",
        "@material/rtl": "^3.1.0",
        "@material/theme": "^3.1.0",
        "@material/typography": "^3.1.0",
        "tslib": "^1.9.3"
      }
    },
    "@material/form-field": {
      "version": "3.1.0",
      "resolved": "https://registry.npmjs.org/@material/form-field/-/form-field-3.1.0.tgz",
      "integrity": "sha512-LnT9DRj/JRgkx46zHKt4H4VyYAMNO9rsvpsat7/dStN1o1ZSNCtHfkQDqVfXz93iDP58sEsLMbgTgh05xrg/Kw==",
      "requires": {
        "@material/base": "^3.1.0",
        "@material/feature-targeting": "^3.1.0",
        "@material/ripple": "^3.1.0",
        "@material/rtl": "^3.1.0",
        "@material/theme": "^3.1.0",
        "@material/typography": "^3.1.0",
        "tslib": "^1.9.3"
      }
    },
    "@material/icon-button": {
      "version": "3.1.0",
      "resolved": "https://registry.npmjs.org/@material/icon-button/-/icon-button-3.1.0.tgz",
      "integrity": "sha512-iwcZ6OEgJYOpB0Ptjk2yuOoRPYhvLqaqVPYO4aJ3U8oQEAfVIRcTvP7IsmVab6MQIsNMBDiObToN4sw2brmOBg==",
      "requires": {
        "@material/base": "^3.1.0",
        "@material/feature-targeting": "^3.1.0",
        "@material/ripple": "^3.1.0",
        "@material/theme": "^3.1.0",
        "tslib": "^1.9.3"
      }
    },
    "@material/image-list": {
      "version": "3.1.0",
      "resolved": "https://registry.npmjs.org/@material/image-list/-/image-list-3.1.0.tgz",
      "integrity": "sha512-t4dIMdbLpFUIC1rm/KpLkBqCiRUhag8Hp+AajYypfJADFTfhaflp1PvcIRsx32PRM3aIpAAf+fQrrU/HbLUGEQ==",
      "requires": {
        "@material/feature-targeting": "^3.1.0",
        "@material/shape": "^3.1.0",
        "@material/theme": "^3.1.0",
        "@material/typography": "^3.1.0"
      }
    },
    "@material/line-ripple": {
      "version": "3.1.0",
      "resolved": "https://registry.npmjs.org/@material/line-ripple/-/line-ripple-3.1.0.tgz",
      "integrity": "sha512-o6E6wrDqoOK4esCnM1MQ9t7DC/JQrzSrwYsYdqtOpGnr3G5Jx7WWVt6GEVh2eNXy8OnVYkJdQbMjyPVEVJb/Dg==",
      "requires": {
        "@material/animation": "^3.1.0",
        "@material/base": "^3.1.0",
        "@material/theme": "^3.1.0",
        "tslib": "^1.9.3"
      }
    },
    "@material/linear-progress": {
      "version": "3.1.0",
      "resolved": "https://registry.npmjs.org/@material/linear-progress/-/linear-progress-3.1.0.tgz",
      "integrity": "sha512-PMfzOgcwcso2AXwD6148v8ybAcxlxXcTwvnCmh14Vjia5MAWmkPkOAiiSGe1DjeB0V9MNKmfd7bqGRuxzOTuCA==",
      "requires": {
        "@material/animation": "^3.1.0",
        "@material/base": "^3.1.0",
        "@material/theme": "^3.1.0",
        "tslib": "^1.9.3"
      }
    },
    "@material/list": {
      "version": "3.1.0",
      "resolved": "https://registry.npmjs.org/@material/list/-/list-3.1.0.tgz",
      "integrity": "sha512-JBru3jtHHZPUCAmyLGAvZewERQYzG6DK43hvLRETuChQYfER/PJGh9Kbttr+7c0Qr+yvpf5kVgNUkY2AKnPEKg==",
      "requires": {
        "@material/base": "^3.1.0",
        "@material/dom": "^3.1.0",
        "@material/feature-targeting": "^3.1.0",
        "@material/ripple": "^3.1.0",
        "@material/rtl": "^3.1.0",
        "@material/shape": "^3.1.0",
        "@material/theme": "^3.1.0",
        "@material/typography": "^3.1.0",
        "tslib": "^1.9.3"
      }
    },
    "@material/menu": {
      "version": "3.1.0",
      "resolved": "https://registry.npmjs.org/@material/menu/-/menu-3.1.0.tgz",
      "integrity": "sha512-FPtxmiIHShgQNgoea2JIntjcyC9bmNxaf8pWncoehn3buFTWO+GOf434GHNt39NJXYG4Tw/SzPbFsLnYYARsHg==",
      "requires": {
        "@material/base": "^3.1.0",
        "@material/dom": "^3.1.0",
        "@material/feature-targeting": "^3.1.0",
        "@material/list": "^3.1.0",
        "@material/menu-surface": "^3.1.0",
        "@material/ripple": "^3.1.0",
        "@material/rtl": "^3.1.0",
        "tslib": "^1.9.3"
      },
      "dependencies": {
        "@material/animation": {
          "version": "3.1.0",
          "resolved": "https://registry.npmjs.org/@material/animation/-/animation-3.1.0.tgz",
          "integrity": "sha512-ZfP95awrPBLhpaCTPNx+xKYPp2D88fzf5p5YNVp6diUAGRpq3g12Aq7qJfIHDXAFo5CtrYhgOKRqIKxUVcFisQ==",
          "requires": {
            "tslib": "^1.9.3"
          }
        },
        "@material/base": {
          "version": "3.1.0",
          "resolved": "https://registry.npmjs.org/@material/base/-/base-3.1.0.tgz",
          "integrity": "sha512-pWEBHyPrMV3rdnjqWWH96h5t3MxQI6V1J9jOor+UBG7bXQtr6InTabTqhz5CLY7r+qZU8YvNh2OKIy8heP0cyQ==",
          "requires": {
            "tslib": "^1.9.3"
          }
        },
        "@material/dom": {
          "version": "3.1.0",
          "resolved": "https://registry.npmjs.org/@material/dom/-/dom-3.1.0.tgz",
          "integrity": "sha512-RtBLSkrBjMfHwknaGBifAIC8cBWF9pXjz2IYqfI2braB6SfQI4vhdJviwyiA5BmA/psn3cKpBUZbHI0ym0O0SQ==",
          "requires": {
            "tslib": "^1.9.3"
          }
        },
        "@material/elevation": {
          "version": "3.1.0",
          "resolved": "https://registry.npmjs.org/@material/elevation/-/elevation-3.1.0.tgz",
          "integrity": "sha512-e45LqiG6LfbR1M52YkSLA7pQPeYJOuOVzLp27xy2072TnLuJexMxhEaG4O1novEIjsTtMjqfrfJ/koODU5vEew==",
          "requires": {
            "@material/animation": "^3.1.0",
            "@material/feature-targeting": "^3.1.0",
            "@material/theme": "^3.1.0"
          }
        },
        "@material/feature-targeting": {
          "version": "3.1.0",
          "resolved": "https://registry.npmjs.org/@material/feature-targeting/-/feature-targeting-3.1.0.tgz",
          "integrity": "sha512-aXAa1Pv6w32URacE9LfMsl9zI6hFwx1K0Lp3Xpyf4rAkmaAB6z0gOkhicOrVFc0f64YheJgHjE7hJFieVenQdw=="
        },
        "@material/list": {
          "version": "3.1.0",
          "resolved": "https://registry.npmjs.org/@material/list/-/list-3.1.0.tgz",
          "integrity": "sha512-JBru3jtHHZPUCAmyLGAvZewERQYzG6DK43hvLRETuChQYfER/PJGh9Kbttr+7c0Qr+yvpf5kVgNUkY2AKnPEKg==",
          "requires": {
            "@material/base": "^3.1.0",
            "@material/dom": "^3.1.0",
            "@material/feature-targeting": "^3.1.0",
            "@material/ripple": "^3.1.0",
            "@material/rtl": "^3.1.0",
            "@material/shape": "^3.1.0",
            "@material/theme": "^3.1.0",
            "@material/typography": "^3.1.0",
            "tslib": "^1.9.3"
          }
        },
        "@material/menu-surface": {
          "version": "3.1.0",
          "resolved": "https://registry.npmjs.org/@material/menu-surface/-/menu-surface-3.1.0.tgz",
          "integrity": "sha512-6LiEdJyxosgID2PJJ9VgkG6VGHf82wgAwMM6dVuS/XBaUvMkfIbuT/NuOGJmKQ+R3loqcEsFWwo9KZu5gVnb1g==",
          "requires": {
            "@material/animation": "^3.1.0",
            "@material/base": "^3.1.0",
            "@material/elevation": "^3.1.0",
            "@material/feature-targeting": "^3.1.0",
            "@material/rtl": "^3.1.0",
            "@material/shape": "^3.1.0",
            "@material/theme": "^3.1.0",
            "tslib": "^1.9.3"
          }
        },
        "@material/ripple": {
          "version": "3.1.0",
          "resolved": "https://registry.npmjs.org/@material/ripple/-/ripple-3.1.0.tgz",
          "integrity": "sha512-mYvd2iWbQyVd6aLS9alHShoL05p/D0cvh5h1ga3atz55azooMLhGsbbE1YlEqUDKHKNuNvdVFm+0IfWdvvRgsw==",
          "requires": {
            "@material/animation": "^3.1.0",
            "@material/base": "^3.1.0",
            "@material/dom": "^3.1.0",
            "@material/feature-targeting": "^3.1.0",
            "@material/theme": "^3.1.0",
            "tslib": "^1.9.3"
          }
        },
        "@material/rtl": {
          "version": "3.1.0",
          "resolved": "https://registry.npmjs.org/@material/rtl/-/rtl-3.1.0.tgz",
          "integrity": "sha512-HH19edQNb139zC+1SZ6/C9G92E54fUrnnW9AAF7t5eGjGdF26YJXJ/uhz+TnFhNUMi/QGrKUSycd4o73nU1m4A=="
        },
        "@material/shape": {
          "version": "3.1.0",
          "resolved": "https://registry.npmjs.org/@material/shape/-/shape-3.1.0.tgz",
          "integrity": "sha512-Oyvs7YjHfByA0e9IVVp7ojAlPwgSu3Bl0cioiE0OdkidkAaNu0izM2ryRzMBDH5o8+lRD0kpZoT+9CVVCdaYIg==",
          "requires": {
            "@material/feature-targeting": "^3.1.0"
          }
        },
        "@material/theme": {
          "version": "3.1.0",
          "resolved": "https://registry.npmjs.org/@material/theme/-/theme-3.1.0.tgz",
          "integrity": "sha512-N4JX+akOwg1faAvFvIEhDcwW4cZfUpwEn8lct6Vs3WczjLF6/KdIoLVaYh+eVl1bzfsoIuWvx56j0B1PjXZw9g==",
          "requires": {
            "@material/feature-targeting": "^3.1.0"
          }
        },
        "@material/typography": {
          "version": "3.1.0",
          "resolved": "https://registry.npmjs.org/@material/typography/-/typography-3.1.0.tgz",
          "integrity": "sha512-aSNBQvVxIH1kORSYdLGuSTivx6oJ1MSOSTUAsUwhXPQLQlvbdFeZaqUp7xgn+EvRsHGRFhWk5YGuiBds9+7zQg==",
          "requires": {
            "@material/feature-targeting": "^3.1.0"
          }
        }
      }
    },
    "@material/menu-surface": {
      "version": "3.1.0",
      "resolved": "https://registry.npmjs.org/@material/menu-surface/-/menu-surface-3.1.0.tgz",
      "integrity": "sha512-6LiEdJyxosgID2PJJ9VgkG6VGHf82wgAwMM6dVuS/XBaUvMkfIbuT/NuOGJmKQ+R3loqcEsFWwo9KZu5gVnb1g==",
      "requires": {
        "@material/animation": "^3.1.0",
        "@material/base": "^3.1.0",
        "@material/elevation": "^3.1.0",
        "@material/feature-targeting": "^3.1.0",
        "@material/rtl": "^3.1.0",
        "@material/shape": "^3.1.0",
        "@material/theme": "^3.1.0",
        "tslib": "^1.9.3"
      }
    },
    "@material/notched-outline": {
      "version": "3.1.0",
      "resolved": "https://registry.npmjs.org/@material/notched-outline/-/notched-outline-3.1.0.tgz",
      "integrity": "sha512-2kuWzBrRj+acUEllsh6w2XK3JRizT3oSx15vsEmYY8dVW8GuFSPjorNL69RpM/4cFhdBoeA9sk62YHI34qiGMw==",
      "requires": {
        "@material/animation": "^3.1.0",
        "@material/base": "^3.1.0",
        "@material/floating-label": "^3.1.0",
        "@material/rtl": "^3.1.0",
        "@material/shape": "^3.1.0",
        "@material/theme": "^3.1.0",
        "tslib": "^1.9.3"
      }
    },
    "@material/radio": {
      "version": "3.1.0",
      "resolved": "https://registry.npmjs.org/@material/radio/-/radio-3.1.0.tgz",
      "integrity": "sha512-et5M32WoFopJGwhAiE6rWkgPHrkQLr+B4sycPJO4u6wBAqxX/XR3h1qyOU52zH7aDwPbK7hJ2/GCaEHHKWrJ1A==",
      "requires": {
        "@material/animation": "^3.1.0",
        "@material/base": "^3.1.0",
        "@material/dom": "^3.1.0",
        "@material/feature-targeting": "^3.1.0",
        "@material/ripple": "^3.1.0",
        "@material/theme": "^3.1.0",
        "tslib": "^1.9.3"
      }
    },
    "@material/ripple": {
      "version": "3.1.0",
      "resolved": "https://registry.npmjs.org/@material/ripple/-/ripple-3.1.0.tgz",
      "integrity": "sha512-mYvd2iWbQyVd6aLS9alHShoL05p/D0cvh5h1ga3atz55azooMLhGsbbE1YlEqUDKHKNuNvdVFm+0IfWdvvRgsw==",
      "requires": {
        "@material/animation": "^3.1.0",
        "@material/base": "^3.1.0",
        "@material/dom": "^3.1.0",
        "@material/feature-targeting": "^3.1.0",
        "@material/theme": "^3.1.0",
        "tslib": "^1.9.3"
      }
    },
    "@material/rtl": {
      "version": "3.1.0",
      "resolved": "https://registry.npmjs.org/@material/rtl/-/rtl-3.1.0.tgz",
      "integrity": "sha512-HH19edQNb139zC+1SZ6/C9G92E54fUrnnW9AAF7t5eGjGdF26YJXJ/uhz+TnFhNUMi/QGrKUSycd4o73nU1m4A=="
    },
    "@material/select": {
      "version": "3.1.0",
      "resolved": "https://registry.npmjs.org/@material/select/-/select-3.1.0.tgz",
      "integrity": "sha512-67TDc+Cu7NNV3A9TbFWYS26TTAC355azxFVdwW2fmKSjKsoRGwgcGxi/yp7rxUAmjm0YDuYt94j0iWttVqKLGw==",
      "requires": {
        "@material/animation": "^3.1.0",
        "@material/base": "^3.1.0",
        "@material/floating-label": "^3.1.0",
        "@material/line-ripple": "^3.1.0",
        "@material/menu": "^3.1.0",
        "@material/menu-surface": "^3.1.0",
        "@material/notched-outline": "^3.1.0",
        "@material/ripple": "^3.1.0",
        "@material/rtl": "^3.1.0",
        "@material/shape": "^3.1.0",
        "@material/theme": "^3.1.0",
        "@material/typography": "^3.1.0",
        "tslib": "^1.9.3"
      }
    },
    "@material/shape": {
      "version": "3.1.0",
      "resolved": "https://registry.npmjs.org/@material/shape/-/shape-3.1.0.tgz",
      "integrity": "sha512-Oyvs7YjHfByA0e9IVVp7ojAlPwgSu3Bl0cioiE0OdkidkAaNu0izM2ryRzMBDH5o8+lRD0kpZoT+9CVVCdaYIg==",
      "requires": {
        "@material/feature-targeting": "^3.1.0"
      }
    },
    "@material/slider": {
      "version": "3.1.0",
      "resolved": "https://registry.npmjs.org/@material/slider/-/slider-3.1.0.tgz",
      "integrity": "sha512-rrkiQk6zC1X8YqUhAcQxPArOq2+wkxhQZvrHeyCqjasX93RaJAuflr3/FZBpwR02OR07NtPvG6NoyEq1nvuKhA==",
      "requires": {
        "@material/animation": "^3.1.0",
        "@material/base": "^3.1.0",
        "@material/dom": "^3.1.0",
        "@material/feature-targeting": "^3.1.0",
        "@material/rtl": "^3.1.0",
        "@material/theme": "^3.1.0",
        "@material/typography": "^3.1.0",
        "tslib": "^1.9.3"
      }
    },
    "@material/snackbar": {
      "version": "3.1.0",
      "resolved": "https://registry.npmjs.org/@material/snackbar/-/snackbar-3.1.0.tgz",
      "integrity": "sha512-A+wRzcJbHLeroDUigiZppiCeXga2CK3oyQz1WUV1nf22q22dT0+pQVW+sm3ejjBY3fMpc3xOnjf8Yg/FAvfLPQ==",
      "requires": {
        "@material/animation": "^3.1.0",
        "@material/base": "^3.1.0",
        "@material/button": "^3.1.0",
        "@material/dom": "^3.1.0",
        "@material/feature-targeting": "^3.1.0",
        "@material/icon-button": "^3.1.0",
        "@material/ripple": "^3.1.0",
        "@material/rtl": "^3.1.0",
        "@material/shape": "^3.1.0",
        "@material/theme": "^3.1.0",
        "@material/typography": "^3.1.0",
        "tslib": "^1.9.3"
      }
    },
    "@material/switch": {
      "version": "3.1.0",
      "resolved": "https://registry.npmjs.org/@material/switch/-/switch-3.1.0.tgz",
      "integrity": "sha512-DhxFN3aRrShkkiDG1fFLp1TZZCinnkLlCoxhhyCKEdCl+jaCaTl2Ii3SIw2SvN1KwMLHBX33jIzm+odOLsz7/Q==",
      "requires": {
        "@material/animation": "^3.1.0",
        "@material/base": "^3.1.0",
        "@material/dom": "^3.1.0",
        "@material/elevation": "^3.1.0",
        "@material/feature-targeting": "^3.1.0",
        "@material/ripple": "^3.1.0",
        "@material/rtl": "^3.1.0",
        "@material/theme": "^3.1.0",
        "tslib": "^1.9.3"
      }
    },
    "@material/tab": {
      "version": "3.1.0",
      "resolved": "https://registry.npmjs.org/@material/tab/-/tab-3.1.0.tgz",
      "integrity": "sha512-AcHlmS5l0rjHTEP1GuVVt6F7h8NqzlLMM1cXabHTrZYPvF2QwHnFnMesE74TJPHArW9xMgP7wYsJ88ZREolRow==",
      "requires": {
        "@material/base": "^3.1.0",
        "@material/feature-targeting": "^3.1.0",
        "@material/ripple": "^3.1.0",
        "@material/rtl": "^3.1.0",
        "@material/tab-indicator": "^3.1.0",
        "@material/theme": "^3.1.0",
        "@material/typography": "^3.1.0",
        "tslib": "^1.9.3"
      }
    },
    "@material/tab-bar": {
      "version": "3.1.0",
      "resolved": "https://registry.npmjs.org/@material/tab-bar/-/tab-bar-3.1.0.tgz",
      "integrity": "sha512-ixfvNtSHlNKJ51M4BWvdsvpu2NKdOZTG6+9p77GdHQf0AUiRSWErWcG5yDPVLc7vkfcoszpJs1bgu01nVacQ3A==",
      "requires": {
        "@material/base": "^3.1.0",
        "@material/elevation": "^3.1.0",
        "@material/feature-targeting": "^3.1.0",
        "@material/tab": "^3.1.0",
        "@material/tab-scroller": "^3.1.0",
        "tslib": "^1.9.3"
      }
    },
    "@material/tab-indicator": {
      "version": "3.1.0",
      "resolved": "https://registry.npmjs.org/@material/tab-indicator/-/tab-indicator-3.1.0.tgz",
      "integrity": "sha512-U4H1bg792ZP4BzjiG3i3htHKmRGlGUZ8c9iroRN6W5B4hYQ5/4DbFA2h2OaAZ1fhyjHiyFosK5ctvgu7qSfZ/g==",
      "requires": {
        "@material/animation": "^3.1.0",
        "@material/base": "^3.1.0",
        "@material/feature-targeting": "^3.1.0",
        "@material/theme": "^3.1.0",
        "tslib": "^1.9.3"
      }
    },
    "@material/tab-scroller": {
      "version": "3.1.0",
      "resolved": "https://registry.npmjs.org/@material/tab-scroller/-/tab-scroller-3.1.0.tgz",
      "integrity": "sha512-tV/+imklWOrbZuNF1egCbIY2/sHunSmxdiyW2ppF1t26M8NnKYHv7H5JRejdJDAwODWrmvMhwXE+rPBT50FvgA==",
      "requires": {
        "@material/animation": "^3.1.0",
        "@material/base": "^3.1.0",
        "@material/dom": "^3.1.0",
        "@material/feature-targeting": "^3.1.0",
        "@material/tab": "^3.1.0",
        "tslib": "^1.9.3"
      }
    },
    "@material/textfield": {
      "version": "3.1.0",
      "resolved": "https://registry.npmjs.org/@material/textfield/-/textfield-3.1.0.tgz",
      "integrity": "sha512-yHCRU8POsOb03hGSoPwOpW2mm+lteqHOBJlFUidouNCdXshdrgR6w0J/tGQgbKPcQqEwd3vPlhia61bh40GR9Q==",
      "requires": {
        "@material/animation": "^3.1.0",
        "@material/base": "^3.1.0",
        "@material/dom": "^3.1.0",
        "@material/floating-label": "^3.1.0",
        "@material/line-ripple": "^3.1.0",
        "@material/notched-outline": "^3.1.0",
        "@material/ripple": "^3.1.0",
        "@material/rtl": "^3.1.0",
        "@material/shape": "^3.1.0",
        "@material/theme": "^3.1.0",
        "@material/typography": "^3.1.0",
        "tslib": "^1.9.3"
      }
    },
    "@material/theme": {
      "version": "3.1.0",
      "resolved": "https://registry.npmjs.org/@material/theme/-/theme-3.1.0.tgz",
      "integrity": "sha512-N4JX+akOwg1faAvFvIEhDcwW4cZfUpwEn8lct6Vs3WczjLF6/KdIoLVaYh+eVl1bzfsoIuWvx56j0B1PjXZw9g==",
      "requires": {
        "@material/feature-targeting": "^3.1.0"
      }
    },
    "@material/top-app-bar": {
      "version": "3.1.0",
      "resolved": "https://registry.npmjs.org/@material/top-app-bar/-/top-app-bar-3.1.0.tgz",
      "integrity": "sha512-wqxcLFmIOflvQN/g3VZacPrWOy2bCtxXYKdIAIfmfnLs8+ahO5DYzI+Y57eumIVTQUVc8PXAMMiUoWiWQ1/dRQ==",
      "requires": {
        "@material/animation": "^3.1.0",
        "@material/base": "^3.1.0",
        "@material/elevation": "^3.1.0",
        "@material/icon-button": "^3.1.0",
        "@material/ripple": "^3.1.0",
        "@material/rtl": "^3.1.0",
        "@material/shape": "^3.1.0",
        "@material/theme": "^3.1.0",
        "@material/typography": "^3.1.0",
        "tslib": "^1.9.3"
      }
    },
    "@material/typography": {
      "version": "3.1.0",
      "resolved": "https://registry.npmjs.org/@material/typography/-/typography-3.1.0.tgz",
      "integrity": "sha512-aSNBQvVxIH1kORSYdLGuSTivx6oJ1MSOSTUAsUwhXPQLQlvbdFeZaqUp7xgn+EvRsHGRFhWk5YGuiBds9+7zQg==",
      "requires": {
        "@material/feature-targeting": "^3.1.0"
      }
    },
    "focus-trap": {
      "version": "5.0.2",
      "resolved": "https://registry.npmjs.org/focus-trap/-/focus-trap-5.0.2.tgz",
      "integrity": "sha512-jQf4ZkX9qOhiNrga4pRh9N2vMqYLRuGM7RZ6VRDLgti04cbG8m7XD4xlU/N0M0cqwDYtXbdzSBQDbRIwqn0FIg==",
      "requires": {
        "tabbable": "^4.0.0",
        "xtend": "^4.0.1"
      }
    },
    "svelte": {
      "version": "3.9.0",
      "resolved": "https://registry.npmjs.org/svelte/-/svelte-3.9.0.tgz",
      "integrity": "sha512-A3mHsfrzxiXdV7icqKrxVmqNzFtxr4BMEzCDrPYBBtngRuU2Ci/dUHjSq/sZHSe64p/DcF1gjqXfT3sjwA/LnA=="
    },
    "tabbable": {
      "version": "4.0.0",
      "resolved": "https://registry.npmjs.org/tabbable/-/tabbable-4.0.0.tgz",
      "integrity": "sha512-H1XoH1URcBOa/rZZWxLxHCtOdVUEev+9vo5YdYhC9tCY4wnybX+VQrCYuy9ubkg69fCBxCONJOSLGfw0DWMffQ=="
    },
    "tslib": {
      "version": "1.10.0",
      "resolved": "https://registry.npmjs.org/tslib/-/tslib-1.10.0.tgz",
      "integrity": "sha512-qOebF53frne81cf0S9B41ByenJ3/IuH8yJKngAX35CmiZySA0khhkovshKK+jGCaMnVomla7gVlIcc3EvKPbTQ=="
    },
    "xtend": {
      "version": "4.0.2",
      "resolved": "https://registry.npmjs.org/xtend/-/xtend-4.0.2.tgz",
      "integrity": "sha512-LKYU1iAXJXUgAXn9URjiu+MWhyUXHsvfp7mcuYm9dSUKK0/CjtrUwFAxD82/mCWbtLsGjFIad0wIsod4zrTAEQ=="
    }
  }
}
