{
  "name": "@smui/icon-button",
  "version": "4.1.0",
  "lockfileVersion": 2,
  "requires": true,
  "packages": {
    "": {
      "name": "@smui/icon-button",
      "version": "4.0.0",
      "license": "Apache-2.0",
      "dependencies": {
        "@material/density": "^11.0.0",
        "@material/icon-button": "^11.0.0",
        "@smui/common": "^4.0.0",
        "@smui/ripple": "^4.0.0"
      },
      "devDependencies": {
        "sass": "^1.32.8"
      }
    },
    "node_modules/@material/animation": {
      "version": "11.0.0",
      "resolved": "https://registry.npmjs.org/@material/animation/-/animation-11.0.0.tgz",
      "integrity": "sha512-pAJRl0ySvfOzqyGUme27tPf1LbqrjSTK4g5kngpXOPAIQdYYx89QLAfcqHONSpvXO7/WP+Kc9zJ3WWxbUaG8Wg==",
      "dependencies": {
        "tslib": "^2.1.0"
      }
    },
    "node_modules/@material/base": {
      "version": "11.0.0",
      "resolved": "https://registry.npmjs.org/@material/base/-/base-11.0.0.tgz",
      "integrity": "sha512-GTybYdiWBoEyYQ3he8cEeuXe5mPq2peFX41rBsMrs516TGDxrVJrEAKNedydhtpfRBsZRreTXMLZtbGrZzfIFQ==",
      "dependencies": {
        "tslib": "^2.1.0"
      }
    },
    "node_modules/@material/density": {
      "version": "11.0.0",
      "resolved": "https://registry.npmjs.org/@material/density/-/density-11.0.0.tgz",
      "integrity": "sha512-FuSx0UukH7p9cIAxEg78zwL5iYuoa/YovyHuuEEudyhWsRH+u0KBSQlYWr+ykg//qZF6urlDrVmu7WAKi1SiCw==",
      "dependencies": {
        "tslib": "^2.1.0"
      }
    },
    "node_modules/@material/dom": {
      "version": "11.0.0",
      "resolved": "https://registry.npmjs.org/@material/dom/-/dom-11.0.0.tgz",
      "integrity": "sha512-LZdg6VmYnMXc/Ct/GdQ22o4m3UgjhZYQIrwu9Iebqchx0Vd2OTmcFN5nArHSCSgUEhpjpPlkbZmjOpeOAwiKZg==",
      "dependencies": {
        "@material/feature-targeting": "^11.0.0",
        "tslib": "^2.1.0"
      }
    },
    "node_modules/@material/feature-targeting": {
      "version": "11.0.0",
      "resolved": "https://registry.npmjs.org/@material/feature-targeting/-/feature-targeting-11.0.0.tgz",
      "integrity": "sha512-7/jdaHm7C16Eq02tDQ1iI+giWKgk+QRNWFrmGKzHfXbU604XwY/eSLSiVS8QI01vx9QZ0aO9K84m0yhQQNQQtg==",
      "dependencies": {
        "tslib": "^2.1.0"
      }
    },
    "node_modules/@material/icon-button": {
      "version": "11.0.0",
      "resolved": "https://registry.npmjs.org/@material/icon-button/-/icon-button-11.0.0.tgz",
      "integrity": "sha512-rlX/RWOD9ZJznva2MDNRnau9/PnqepxKcHTG4YirkgQwe0m6dqdabzXfeTrorRsJNMSicaYlRV1SwGPShZk3CQ==",
      "dependencies": {
        "@material/base": "^11.0.0",
        "@material/density": "^11.0.0",
        "@material/feature-targeting": "^11.0.0",
        "@material/ripple": "^11.0.0",
        "@material/rtl": "^11.0.0",
        "@material/theme": "^11.0.0",
        "tslib": "^2.1.0"
      }
    },
    "node_modules/@material/ripple": {
      "version": "11.0.0",
      "resolved": "https://registry.npmjs.org/@material/ripple/-/ripple-11.0.0.tgz",
      "integrity": "sha512-672zAsYaL8aS861VgfEPL4sFMkFe0psiSc+4DfUTq7Nanl4e1gcarzzHZAn5IExUNk3/5QybDiXV+dbaL/0NjQ==",
      "dependencies": {
        "@material/animation": "^11.0.0",
        "@material/base": "^11.0.0",
        "@material/dom": "^11.0.0",
        "@material/feature-targeting": "^11.0.0",
        "@material/theme": "^11.0.0",
        "tslib": "^2.1.0"
      }
    },
    "node_modules/@material/rtl": {
      "version": "11.0.0",
      "resolved": "https://registry.npmjs.org/@material/rtl/-/rtl-11.0.0.tgz",
      "integrity": "sha512-FcS8+N9MhnC0Wdd34O2yCC/5ylIwkfHjV5pbmHyEtb4YXoWngnPIxgpOr5PsUv95WSQBmeqWCRJDwS+sGZHoKQ==",
      "dependencies": {
        "@material/theme": "^11.0.0",
        "tslib": "^2.1.0"
      }
    },
    "node_modules/@material/theme": {
      "version": "11.0.0",
      "resolved": "https://registry.npmjs.org/@material/theme/-/theme-11.0.0.tgz",
      "integrity": "sha512-GnQI8sd2wHFD3AvmhpyRaH5o9D5Shobs1xDH4FdRU9+c+FNNqouZMDzyM6UpCX4700DzqvE7l0/1LjzB7ve7Lg==",
      "dependencies": {
        "@material/feature-targeting": "^11.0.0",
        "tslib": "^2.1.0"
      }
    },
    "node_modules/@smui/common": {
      "version": "4.0.0",
      "resolved": "https://registry.npmjs.org/@smui/common/-/common-4.0.0.tgz",
      "integrity": "sha512-fq/qDUFdSAiLe8yhGQ1n7OB3e3UfEID+tdR7B4QFTo0G3HfOEb3RFpLzWNWVbArhkZkVPL6aZnMiTW9HWeqgvg==",
      "dependencies": {
        "@material/dom": "^11.0.0",
        "svelte": "^3.35.0"
      }
    },
    "node_modules/@smui/ripple": {
      "version": "4.0.0",
      "resolved": "https://registry.npmjs.org/@smui/ripple/-/ripple-4.0.0.tgz",
      "integrity": "sha512-oqy9Z73FNCvZQ+YhApJyBHmgfqYRL5jmtdVnqhQ+gzwQJOu7WNv2olFYoDfhNCSL+ZC3dvjfWvoIzknHyMxrvQ==",
      "dependencies": {
        "@material/dom": "^11.0.0",
        "@material/ripple": "^11.0.0"
      }
    },
    "node_modules/anymatch": {
      "version": "3.1.2",
      "resolved": "https://registry.npmjs.org/anymatch/-/anymatch-3.1.2.tgz",
      "integrity": "sha512-P43ePfOAIupkguHUycrc4qJ9kz8ZiuOUijaETwX7THt0Y/GNK7v0aa8rY816xWjZ7rJdA5XdMcpVFTKMq+RvWg==",
      "dev": true,
      "dependencies": {
        "normalize-path": "^3.0.0",
        "picomatch": "^2.0.4"
      },
      "engines": {
        "node": ">= 8"
      }
    },
    "node_modules/binary-extensions": {
      "version": "2.2.0",
      "resolved": "https://registry.npmjs.org/binary-extensions/-/binary-extensions-2.2.0.tgz",
      "integrity": "sha512-jDctJ/IVQbZoJykoeHbhXpOlNBqGNcwXJKJog42E5HDPUwQTSdjCHdihjj0DlnheQ7blbT6dHOafNAiS8ooQKA==",
      "dev": true,
      "engines": {
        "node": ">=8"
      }
    },
    "node_modules/braces": {
      "version": "3.0.2",
      "resolved": "https://registry.npmjs.org/braces/-/braces-3.0.2.tgz",
      "integrity": "sha512-b8um+L1RzM3WDSzvhm6gIz1yfTbBt6YTlcEKAvsmqCZZFw46z626lVj9j1yEPW33H5H+lBQpZMP1k8l+78Ha0A==",
      "dev": true,
      "dependencies": {
        "fill-range": "^7.0.1"
      },
      "engines": {
        "node": ">=8"
      }
    },
    "node_modules/chokidar": {
      "version": "3.5.1",
      "resolved": "https://registry.npmjs.org/chokidar/-/chokidar-3.5.1.tgz",
      "integrity": "sha512-9+s+Od+W0VJJzawDma/gvBNQqkTiqYTWLuZoyAsivsI4AaWTCzHG06/TMjsf1cYe9Cb97UCEhjz7HvnPk2p/tw==",
      "dev": true,
      "dependencies": {
        "anymatch": "~3.1.1",
        "braces": "~3.0.2",
        "glob-parent": "~5.1.0",
        "is-binary-path": "~2.1.0",
        "is-glob": "~4.0.1",
        "normalize-path": "~3.0.0",
        "readdirp": "~3.5.0"
      },
      "engines": {
        "node": ">= 8.10.0"
      },
      "optionalDependencies": {
        "fsevents": "~2.3.1"
      }
    },
    "node_modules/fill-range": {
      "version": "7.0.1",
      "resolved": "https://registry.npmjs.org/fill-range/-/fill-range-7.0.1.tgz",
      "integrity": "sha512-qOo9F+dMUmC2Lcb4BbVvnKJxTPjCm+RRpe4gDuGrzkL7mEVl/djYSu2OdQ2Pa302N4oqkSg9ir6jaLWJ2USVpQ==",
      "dev": true,
      "dependencies": {
        "to-regex-range": "^5.0.1"
      },
      "engines": {
        "node": ">=8"
      }
    },
    "node_modules/fsevents": {
      "version": "2.3.2",
      "resolved": "https://registry.npmjs.org/fsevents/-/fsevents-2.3.2.tgz",
      "integrity": "sha512-xiqMQR4xAeHTuB9uWm+fFRcIOgKBMiOBP+eXiyT7jsgVCq1bkVygt00oASowB7EdtpOHaaPgKt812P9ab+DDKA==",
      "dev": true,
      "hasInstallScript": true,
      "optional": true,
      "os": [
        "darwin"
      ],
      "engines": {
        "node": "^8.16.0 || ^10.6.0 || >=11.0.0"
      }
    },
    "node_modules/glob-parent": {
      "version": "5.1.2",
      "resolved": "https://registry.npmjs.org/glob-parent/-/glob-parent-5.1.2.tgz",
      "integrity": "sha512-AOIgSQCepiJYwP3ARnGx+5VnTu2HBYdzbGP45eLw1vr3zB3vZLeyed1sC9hnbcOc9/SrMyM5RPQrkGz4aS9Zow==",
      "dev": true,
      "dependencies": {
        "is-glob": "^4.0.1"
      },
      "engines": {
        "node": ">= 6"
      }
    },
    "node_modules/is-binary-path": {
      "version": "2.1.0",
      "resolved": "https://registry.npmjs.org/is-binary-path/-/is-binary-path-2.1.0.tgz",
      "integrity": "sha512-ZMERYes6pDydyuGidse7OsHxtbI7WVeUEozgR/g7rd0xUimYNlvZRE/K2MgZTjWy725IfelLeVcEM97mmtRGXw==",
      "dev": true,
      "dependencies": {
        "binary-extensions": "^2.0.0"
      },
      "engines": {
        "node": ">=8"
      }
    },
    "node_modules/is-extglob": {
      "version": "2.1.1",
      "resolved": "https://registry.npmjs.org/is-extglob/-/is-extglob-2.1.1.tgz",
      "integrity": "sha1-qIwCU1eR8C7TfHahueqXc8gz+MI=",
      "dev": true,
      "engines": {
        "node": ">=0.10.0"
      }
    },
    "node_modules/is-glob": {
      "version": "4.0.1",
      "resolved": "https://registry.npmjs.org/is-glob/-/is-glob-4.0.1.tgz",
      "integrity": "sha512-5G0tKtBTFImOqDnLB2hG6Bp2qcKEFduo4tZu9MT/H6NQv/ghhy30o55ufafxJ/LdH79LLs2Kfrn85TLKyA7BUg==",
      "dev": true,
      "dependencies": {
        "is-extglob": "^2.1.1"
      },
      "engines": {
        "node": ">=0.10.0"
      }
    },
    "node_modules/is-number": {
      "version": "7.0.0",
      "resolved": "https://registry.npmjs.org/is-number/-/is-number-7.0.0.tgz",
      "integrity": "sha512-41Cifkg6e8TylSpdtTpeLVMqvSBEVzTttHvERD741+pnZ8ANv0004MRL43QKPDlK9cGvNp6NZWZUBlbGXYxxng==",
      "dev": true,
      "engines": {
        "node": ">=0.12.0"
      }
    },
    "node_modules/normalize-path": {
      "version": "3.0.0",
      "resolved": "https://registry.npmjs.org/normalize-path/-/normalize-path-3.0.0.tgz",
      "integrity": "sha512-6eZs5Ls3WtCisHWp9S2GUy8dqkpGi4BVSz3GaqiE6ezub0512ESztXUwUB6C6IKbQkY2Pnb/mD4WYojCRwcwLA==",
      "dev": true,
      "engines": {
        "node": ">=0.10.0"
      }
    },
    "node_modules/picomatch": {
      "version": "2.2.3",
      "resolved": "https://registry.npmjs.org/picomatch/-/picomatch-2.2.3.tgz",
      "integrity": "sha512-KpELjfwcCDUb9PeigTs2mBJzXUPzAuP2oPcA989He8Rte0+YUAjw1JVedDhuTKPkHjSYzMN3npC9luThGYEKdg==",
      "dev": true,
      "engines": {
        "node": ">=8.6"
      },
      "funding": {
        "url": "https://github.com/sponsors/jonschlinkert"
      }
    },
    "node_modules/readdirp": {
      "version": "3.5.0",
      "resolved": "https://registry.npmjs.org/readdirp/-/readdirp-3.5.0.tgz",
      "integrity": "sha512-cMhu7c/8rdhkHXWsY+osBhfSy0JikwpHK/5+imo+LpeasTF8ouErHrlYkwT0++njiyuDvc7OFY5T3ukvZ8qmFQ==",
      "dev": true,
      "dependencies": {
        "picomatch": "^2.2.1"
      },
      "engines": {
        "node": ">=8.10.0"
      }
    },
    "node_modules/sass": {
      "version": "1.32.11",
      "resolved": "https://registry.npmjs.org/sass/-/sass-1.32.11.tgz",
      "integrity": "sha512-O9tRcob/fegUVSIV1ihLLZcftIOh0AF1VpKgusUfLqnb2jQ0GLDwI5ivv1FYWivGv8eZ/AwntTyTzjcHu0c/qw==",
      "dev": true,
      "dependencies": {
        "chokidar": ">=3.0.0 <4.0.0"
      },
      "bin": {
        "sass": "sass.js"
      },
      "engines": {
        "node": ">=8.9.0"
      }
    },
    "node_modules/svelte": {
      "version": "3.37.0",
      "resolved": "https://registry.npmjs.org/svelte/-/svelte-3.37.0.tgz",
      "integrity": "sha512-TRF30F4W4+d+Jr2KzUUL1j8Mrpns/WM/WacxYlo5MMb2E5Qy2Pk1Guj6GylxsW9OnKQl1tnF8q3hG/hQ3h6VUA==",
      "engines": {
        "node": ">= 8"
      }
    },
    "node_modules/to-regex-range": {
      "version": "5.0.1",
      "resolved": "https://registry.npmjs.org/to-regex-range/-/to-regex-range-5.0.1.tgz",
      "integrity": "sha512-65P7iz6X5yEr1cwcgvQxbbIw7Uk3gOy5dIdtZ4rDveLqhrdJP+Li/Hx6tyK0NEb+2GCyneCMJiGqrADCSNk8sQ==",
      "dev": true,
      "dependencies": {
        "is-number": "^7.0.0"
      },
      "engines": {
        "node": ">=8.0"
      }
    },
    "node_modules/tslib": {
      "version": "2.2.0",
      "resolved": "https://registry.npmjs.org/tslib/-/tslib-2.2.0.tgz",
      "integrity": "sha512-gS9GVHRU+RGn5KQM2rllAlR3dU6m7AcpJKdtH8gFvQiC4Otgk98XnmMU+nZenHt/+VhnBPWwgrJsyrdcw6i23w=="
    }
  },
  "dependencies": {
    "@material/animation": {
      "version": "11.0.0",
      "resolved": "https://registry.npmjs.org/@material/animation/-/animation-11.0.0.tgz",
      "integrity": "sha512-pAJRl0ySvfOzqyGUme27tPf1LbqrjSTK4g5kngpXOPAIQdYYx89QLAfcqHONSpvXO7/WP+Kc9zJ3WWxbUaG8Wg==",
      "requires": {
        "tslib": "^2.1.0"
      }
    },
    "@material/base": {
      "version": "11.0.0",
      "resolved": "https://registry.npmjs.org/@material/base/-/base-11.0.0.tgz",
      "integrity": "sha512-GTybYdiWBoEyYQ3he8cEeuXe5mPq2peFX41rBsMrs516TGDxrVJrEAKNedydhtpfRBsZRreTXMLZtbGrZzfIFQ==",
      "requires": {
        "tslib": "^2.1.0"
      }
    },
    "@material/density": {
      "version": "11.0.0",
      "resolved": "https://registry.npmjs.org/@material/density/-/density-11.0.0.tgz",
      "integrity": "sha512-FuSx0UukH7p9cIAxEg78zwL5iYuoa/YovyHuuEEudyhWsRH+u0KBSQlYWr+ykg//qZF6urlDrVmu7WAKi1SiCw==",
      "requires": {
        "tslib": "^2.1.0"
      }
    },
    "@material/dom": {
      "version": "11.0.0",
      "resolved": "https://registry.npmjs.org/@material/dom/-/dom-11.0.0.tgz",
      "integrity": "sha512-LZdg6VmYnMXc/Ct/GdQ22o4m3UgjhZYQIrwu9Iebqchx0Vd2OTmcFN5nArHSCSgUEhpjpPlkbZmjOpeOAwiKZg==",
      "requires": {
        "@material/feature-targeting": "^11.0.0",
        "tslib": "^2.1.0"
      }
    },
    "@material/feature-targeting": {
      "version": "11.0.0",
      "resolved": "https://registry.npmjs.org/@material/feature-targeting/-/feature-targeting-11.0.0.tgz",
      "integrity": "sha512-7/jdaHm7C16Eq02tDQ1iI+giWKgk+QRNWFrmGKzHfXbU604XwY/eSLSiVS8QI01vx9QZ0aO9K84m0yhQQNQQtg==",
      "requires": {
        "tslib": "^2.1.0"
      }
    },
    "@material/icon-button": {
      "version": "11.0.0",
      "resolved": "https://registry.npmjs.org/@material/icon-button/-/icon-button-11.0.0.tgz",
      "integrity": "sha512-rlX/RWOD9ZJznva2MDNRnau9/PnqepxKcHTG4YirkgQwe0m6dqdabzXfeTrorRsJNMSicaYlRV1SwGPShZk3CQ==",
      "requires": {
        "@material/base": "^11.0.0",
        "@material/density": "^11.0.0",
        "@material/feature-targeting": "^11.0.0",
        "@material/ripple": "^11.0.0",
        "@material/rtl": "^11.0.0",
        "@material/theme": "^11.0.0",
        "tslib": "^2.1.0"
      }
    },
    "@material/ripple": {
      "version": "11.0.0",
      "resolved": "https://registry.npmjs.org/@material/ripple/-/ripple-11.0.0.tgz",
      "integrity": "sha512-672zAsYaL8aS861VgfEPL4sFMkFe0psiSc+4DfUTq7Nanl4e1gcarzzHZAn5IExUNk3/5QybDiXV+dbaL/0NjQ==",
      "requires": {
        "@material/animation": "^11.0.0",
        "@material/base": "^11.0.0",
        "@material/dom": "^11.0.0",
        "@material/feature-targeting": "^11.0.0",
        "@material/theme": "^11.0.0",
        "tslib": "^2.1.0"
      }
    },
    "@material/rtl": {
      "version": "11.0.0",
      "resolved": "https://registry.npmjs.org/@material/rtl/-/rtl-11.0.0.tgz",
      "integrity": "sha512-FcS8+N9MhnC0Wdd34O2yCC/5ylIwkfHjV5pbmHyEtb4YXoWngnPIxgpOr5PsUv95WSQBmeqWCRJDwS+sGZHoKQ==",
      "requires": {
        "@material/theme": "^11.0.0",
        "tslib": "^2.1.0"
      }
    },
    "@material/theme": {
      "version": "11.0.0",
      "resolved": "https://registry.npmjs.org/@material/theme/-/theme-11.0.0.tgz",
      "integrity": "sha512-GnQI8sd2wHFD3AvmhpyRaH5o9D5Shobs1xDH4FdRU9+c+FNNqouZMDzyM6UpCX4700DzqvE7l0/1LjzB7ve7Lg==",
      "requires": {
        "@material/feature-targeting": "^11.0.0",
        "tslib": "^2.1.0"
      }
    },
    "@smui/common": {
      "version": "4.0.0",
      "resolved": "https://registry.npmjs.org/@smui/common/-/common-4.0.0.tgz",
      "integrity": "sha512-fq/qDUFdSAiLe8yhGQ1n7OB3e3UfEID+tdR7B4QFTo0G3HfOEb3RFpLzWNWVbArhkZkVPL6aZnMiTW9HWeqgvg==",
      "requires": {
        "@material/dom": "^11.0.0",
        "svelte": "^3.35.0"
      }
    },
    "@smui/ripple": {
      "version": "4.0.0",
      "resolved": "https://registry.npmjs.org/@smui/ripple/-/ripple-4.0.0.tgz",
      "integrity": "sha512-oqy9Z73FNCvZQ+YhApJyBHmgfqYRL5jmtdVnqhQ+gzwQJOu7WNv2olFYoDfhNCSL+ZC3dvjfWvoIzknHyMxrvQ==",
      "requires": {
        "@material/dom": "^11.0.0",
        "@material/ripple": "^11.0.0"
      }
    },
    "anymatch": {
      "version": "3.1.2",
      "resolved": "https://registry.npmjs.org/anymatch/-/anymatch-3.1.2.tgz",
      "integrity": "sha512-P43ePfOAIupkguHUycrc4qJ9kz8ZiuOUijaETwX7THt0Y/GNK7v0aa8rY816xWjZ7rJdA5XdMcpVFTKMq+RvWg==",
      "dev": true,
      "requires": {
        "normalize-path": "^3.0.0",
        "picomatch": "^2.0.4"
      }
    },
    "binary-extensions": {
      "version": "2.2.0",
      "resolved": "https://registry.npmjs.org/binary-extensions/-/binary-extensions-2.2.0.tgz",
      "integrity": "sha512-jDctJ/IVQbZoJykoeHbhXpOlNBqGNcwXJKJog42E5HDPUwQTSdjCHdihjj0DlnheQ7blbT6dHOafNAiS8ooQKA==",
      "dev": true
    },
    "braces": {
      "version": "3.0.2",
      "resolved": "https://registry.npmjs.org/braces/-/braces-3.0.2.tgz",
      "integrity": "sha512-b8um+L1RzM3WDSzvhm6gIz1yfTbBt6YTlcEKAvsmqCZZFw46z626lVj9j1yEPW33H5H+lBQpZMP1k8l+78Ha0A==",
      "dev": true,
      "requires": {
        "fill-range": "^7.0.1"
      }
    },
    "chokidar": {
      "version": "3.5.1",
      "resolved": "https://registry.npmjs.org/chokidar/-/chokidar-3.5.1.tgz",
      "integrity": "sha512-9+s+Od+W0VJJzawDma/gvBNQqkTiqYTWLuZoyAsivsI4AaWTCzHG06/TMjsf1cYe9Cb97UCEhjz7HvnPk2p/tw==",
      "dev": true,
      "requires": {
        "anymatch": "~3.1.1",
        "braces": "~3.0.2",
        "fsevents": "~2.3.1",
        "glob-parent": "~5.1.0",
        "is-binary-path": "~2.1.0",
        "is-glob": "~4.0.1",
        "normalize-path": "~3.0.0",
        "readdirp": "~3.5.0"
      }
    },
    "fill-range": {
      "version": "7.0.1",
      "resolved": "https://registry.npmjs.org/fill-range/-/fill-range-7.0.1.tgz",
      "integrity": "sha512-qOo9F+dMUmC2Lcb4BbVvnKJxTPjCm+RRpe4gDuGrzkL7mEVl/djYSu2OdQ2Pa302N4oqkSg9ir6jaLWJ2USVpQ==",
      "dev": true,
      "requires": {
        "to-regex-range": "^5.0.1"
      }
    },
    "fsevents": {
      "version": "2.3.2",
      "resolved": "https://registry.npmjs.org/fsevents/-/fsevents-2.3.2.tgz",
      "integrity": "sha512-xiqMQR4xAeHTuB9uWm+fFRcIOgKBMiOBP+eXiyT7jsgVCq1bkVygt00oASowB7EdtpOHaaPgKt812P9ab+DDKA==",
      "dev": true,
      "optional": true
    },
    "glob-parent": {
      "version": "5.1.2",
      "resolved": "https://registry.npmjs.org/glob-parent/-/glob-parent-5.1.2.tgz",
      "integrity": "sha512-AOIgSQCepiJYwP3ARnGx+5VnTu2HBYdzbGP45eLw1vr3zB3vZLeyed1sC9hnbcOc9/SrMyM5RPQrkGz4aS9Zow==",
      "dev": true,
      "requires": {
        "is-glob": "^4.0.1"
      }
    },
    "is-binary-path": {
      "version": "2.1.0",
      "resolved": "https://registry.npmjs.org/is-binary-path/-/is-binary-path-2.1.0.tgz",
      "integrity": "sha512-ZMERYes6pDydyuGidse7OsHxtbI7WVeUEozgR/g7rd0xUimYNlvZRE/K2MgZTjWy725IfelLeVcEM97mmtRGXw==",
      "dev": true,
      "requires": {
        "binary-extensions": "^2.0.0"
      }
    },
    "is-extglob": {
      "version": "2.1.1",
      "resolved": "https://registry.npmjs.org/is-extglob/-/is-extglob-2.1.1.tgz",
      "integrity": "sha1-qIwCU1eR8C7TfHahueqXc8gz+MI=",
      "dev": true
    },
    "is-glob": {
      "version": "4.0.1",
      "resolved": "https://registry.npmjs.org/is-glob/-/is-glob-4.0.1.tgz",
      "integrity": "sha512-5G0tKtBTFImOqDnLB2hG6Bp2qcKEFduo4tZu9MT/H6NQv/ghhy30o55ufafxJ/LdH79LLs2Kfrn85TLKyA7BUg==",
      "dev": true,
      "requires": {
        "is-extglob": "^2.1.1"
      }
    },
    "is-number": {
      "version": "7.0.0",
      "resolved": "https://registry.npmjs.org/is-number/-/is-number-7.0.0.tgz",
      "integrity": "sha512-41Cifkg6e8TylSpdtTpeLVMqvSBEVzTttHvERD741+pnZ8ANv0004MRL43QKPDlK9cGvNp6NZWZUBlbGXYxxng==",
      "dev": true
    },
    "normalize-path": {
      "version": "3.0.0",
      "resolved": "https://registry.npmjs.org/normalize-path/-/normalize-path-3.0.0.tgz",
      "integrity": "sha512-6eZs5Ls3WtCisHWp9S2GUy8dqkpGi4BVSz3GaqiE6ezub0512ESztXUwUB6C6IKbQkY2Pnb/mD4WYojCRwcwLA==",
      "dev": true
    },
    "picomatch": {
      "version": "2.2.3",
      "resolved": "https://registry.npmjs.org/picomatch/-/picomatch-2.2.3.tgz",
      "integrity": "sha512-KpELjfwcCDUb9PeigTs2mBJzXUPzAuP2oPcA989He8Rte0+YUAjw1JVedDhuTKPkHjSYzMN3npC9luThGYEKdg==",
      "dev": true
    },
    "readdirp": {
      "version": "3.5.0",
      "resolved": "https://registry.npmjs.org/readdirp/-/readdirp-3.5.0.tgz",
      "integrity": "sha512-cMhu7c/8rdhkHXWsY+osBhfSy0JikwpHK/5+imo+LpeasTF8ouErHrlYkwT0++njiyuDvc7OFY5T3ukvZ8qmFQ==",
      "dev": true,
      "requires": {
        "picomatch": "^2.2.1"
      }
    },
    "sass": {
      "version": "1.32.11",
      "resolved": "https://registry.npmjs.org/sass/-/sass-1.32.11.tgz",
      "integrity": "sha512-O9tRcob/fegUVSIV1ihLLZcftIOh0AF1VpKgusUfLqnb2jQ0GLDwI5ivv1FYWivGv8eZ/AwntTyTzjcHu0c/qw==",
      "dev": true,
      "requires": {
        "chokidar": ">=3.0.0 <4.0.0"
      }
    },
    "svelte": {
      "version": "3.37.0",
      "resolved": "https://registry.npmjs.org/svelte/-/svelte-3.37.0.tgz",
      "integrity": "sha512-TRF30F4W4+d+Jr2KzUUL1j8Mrpns/WM/WacxYlo5MMb2E5Qy2Pk1Guj6GylxsW9OnKQl1tnF8q3hG/hQ3h6VUA=="
    },
    "to-regex-range": {
      "version": "5.0.1",
      "resolved": "https://registry.npmjs.org/to-regex-range/-/to-regex-range-5.0.1.tgz",
      "integrity": "sha512-65P7iz6X5yEr1cwcgvQxbbIw7Uk3gOy5dIdtZ4rDveLqhrdJP+Li/Hx6tyK0NEb+2GCyneCMJiGqrADCSNk8sQ==",
      "dev": true,
      "requires": {
        "is-number": "^7.0.0"
      }
    },
    "tslib": {
      "version": "2.2.0",
      "resolved": "https://registry.npmjs.org/tslib/-/tslib-2.2.0.tgz",
      "integrity": "sha512-gS9GVHRU+RGn5KQM2rllAlR3dU6m7AcpJKdtH8gFvQiC4Otgk98XnmMU+nZenHt/+VhnBPWwgrJsyrdcw6i23w=="
    }
  }
}
