{
	"name": "@smui/tab",
	"version": "1.0.0-beta.17",
	"lockfileVersion": 1,
	"requires": true,
	"dependencies": {
		"@material/animation": {
			"version": "3.1.0",
			"resolved": "https://registry.npmjs.org/@material/animation/-/animation-3.1.0.tgz",
			"integrity": "sha512-ZfP95awrPBLhpaCTPNx+xKYPp2D88fzf5p5YNVp6diUAGRpq3g12Aq7qJfIHDXAFo5CtrYhgOKRqIKxUVcFisQ==",
			"requires": {
				"tslib": "^1.9.3"
			}
		},
		"@material/base": {
			"version": "3.1.0",
			"resolved": "https://registry.npmjs.org/@material/base/-/base-3.1.0.tgz",
			"integrity": "sha512-pWEBHyPrMV3rdnjqWWH96h5t3MxQI6V1J9jOor+UBG7bXQtr6InTabTqhz5CLY7r+qZU8YvNh2OKIy8heP0cyQ==",
			"requires": {
				"tslib": "^1.9.3"
			}
		},
		"@material/dom": {
			"version": "3.1.0",
			"resolved": "https://registry.npmjs.org/@material/dom/-/dom-3.1.0.tgz",
			"integrity": "sha512-RtBLSkrBjMfHwknaGBifAIC8cBWF9pXjz2IYqfI2braB6SfQI4vhdJviwyiA5BmA/psn3cKpBUZbHI0ym0O0SQ==",
			"requires": {
				"tslib": "^1.9.3"
			}
		},
		"@material/feature-targeting": {
			"version": "3.1.0",
			"resolved": "https://registry.npmjs.org/@material/feature-targeting/-/feature-targeting-3.1.0.tgz",
			"integrity": "sha512-aXAa1Pv6w32URacE9LfMsl9zI6hFwx1K0Lp3Xpyf4rAkmaAB6z0gOkhicOrVFc0f64YheJgHjE7hJFieVenQdw=="
		},
		"@material/ripple": {
			"version": "3.2.0",
			"resolved": "https://registry.npmjs.org/@material/ripple/-/ripple-3.2.0.tgz",
			"integrity": "sha512-GtwkfNakALmfGLs6TpdFIVeAWjRqbyT7WfEw9aU7elUokABfHES+O0KoSKQSMQiSQ8Vjl90MONzNsN1Evi/1YQ==",
			"requires": {
				"@material/animation": "^3.1.0",
				"@material/base": "^3.1.0",
				"@material/dom": "^3.1.0",
				"@material/feature-targeting": "^3.1.0",
				"@material/theme": "^3.1.0",
				"tslib": "^1.9.3"
			}
		},
		"@material/rtl": {
			"version": "3.2.0",
			"resolved": "https://registry.npmjs.org/@material/rtl/-/rtl-3.2.0.tgz",
			"integrity": "sha512-L/w9m9Yx1ceOw/VjEfeJoqD4rW9QP3IBb9MamXAg3qUi/zsztoXD/FUw179pxkLn4huFFNlVYZ4Y1y6BpM0PMA=="
		},
		"@material/tab": {
			"version": "3.2.0",
			"resolved": "https://registry.npmjs.org/@material/tab/-/tab-3.2.0.tgz",
			"integrity": "sha512-O1/ZrBQ/g+fI8jrrpfBDq55BhEPISrFvZeiIVQshQuyZh5bLYYhjMXbOsjC1UYu11rWqAiP+8jDgIyxQT9DHwQ==",
			"requires": {
				"@material/base": "^3.1.0",
				"@material/feature-targeting": "^3.1.0",
				"@material/ripple": "^3.2.0",
				"@material/rtl": "^3.2.0",
				"@material/tab-indicator": "^3.1.0",
				"@material/theme": "^3.1.0",
				"@material/typography": "^3.1.0",
				"tslib": "^1.9.3"
			}
		},
		"@material/tab-indicator": {
			"version": "3.1.0",
			"resolved": "https://registry.npmjs.org/@material/tab-indicator/-/tab-indicator-3.1.0.tgz",
			"integrity": "sha512-U4H1bg792ZP4BzjiG3i3htHKmRGlGUZ8c9iroRN6W5B4hYQ5/4DbFA2h2OaAZ1fhyjHiyFosK5ctvgu7qSfZ/g==",
			"requires": {
				"@material/animation": "^3.1.0",
				"@material/base": "^3.1.0",
				"@material/feature-targeting": "^3.1.0",
				"@material/theme": "^3.1.0",
				"tslib": "^1.9.3"
			}
		},
		"@material/theme": {
			"version": "3.1.0",
			"resolved": "https://registry.npmjs.org/@material/theme/-/theme-3.1.0.tgz",
			"integrity": "sha512-N4JX+akOwg1faAvFvIEhDcwW4cZfUpwEn8lct6Vs3WczjLF6/KdIoLVaYh+eVl1bzfsoIuWvx56j0B1PjXZw9g==",
			"requires": {
				"@material/feature-targeting": "^3.1.0"
			}
		},
		"@material/typography": {
			"version": "3.1.0",
			"resolved": "https://registry.npmjs.org/@material/typography/-/typography-3.1.0.tgz",
			"integrity": "sha512-aSNBQvVxIH1kORSYdLGuSTivx6oJ1MSOSTUAsUwhXPQLQlvbdFeZaqUp7xgn+EvRsHGRFhWk5YGuiBds9+7zQg==",
			"requires": {
				"@material/feature-targeting": "^3.1.0"
			}
		},
		"anymatch": {
			"version": "3.1.1",
			"resolved": "https://registry.npmjs.org/anymatch/-/anymatch-3.1.1.tgz",
			"integrity": "sha512-mM8522psRCqzV+6LhomX5wgp25YVibjh8Wj23I5RPkPppSVSjyKD2A2mBJmWGa+KN7f2D6LNh9jkBCeyLktzjg==",
			"dev": true,
			"requires": {
				"normalize-path": "^3.0.0",
				"picomatch": "^2.0.4"
			}
		},
		"balanced-match": {
			"version": "1.0.0",
			"resolved": "https://registry.npmjs.org/balanced-match/-/balanced-match-1.0.0.tgz",
			"integrity": "sha1-ibTRmasr7kneFk6gK4nORi1xt2c=",
			"dev": true
		},
		"binary-extensions": {
			"version": "2.0.0",
			"resolved": "https://registry.npmjs.org/binary-extensions/-/binary-extensions-2.0.0.tgz",
			"integrity": "sha512-Phlt0plgpIIBOGTT/ehfFnbNlfsDEiqmzE2KRXoX1bLIlir4X/MR+zSyBEkL05ffWgnRSf/DXv+WrUAVr93/ow==",
			"dev": true
		},
		"brace-expansion": {
			"version": "1.1.11",
			"resolved": "https://registry.npmjs.org/brace-expansion/-/brace-expansion-1.1.11.tgz",
			"integrity": "sha512-iCuPHDFgrHX7H2vEI/5xpz07zSHB00TpugqhmYtVmMO6518mCuRMoOYFldEBl0g187ufozdaHgWKcYFb61qGiA==",
			"dev": true,
			"requires": {
				"balanced-match": "^1.0.0",
				"concat-map": "0.0.1"
			}
		},
		"braces": {
			"version": "3.0.2",
			"resolved": "https://registry.npmjs.org/braces/-/braces-3.0.2.tgz",
			"integrity": "sha512-b8um+L1RzM3WDSzvhm6gIz1yfTbBt6YTlcEKAvsmqCZZFw46z626lVj9j1yEPW33H5H+lBQpZMP1k8l+78Ha0A==",
			"dev": true,
			"requires": {
				"fill-range": "^7.0.1"
			}
		},
		"chokidar": {
			"version": "3.2.3",
			"resolved": "https://registry.npmjs.org/chokidar/-/chokidar-3.2.3.tgz",
			"integrity": "sha512-GtrxGuRf6bzHQmXWRepvsGnXpkQkVU+D2/9a7dAe4a7v1NhrfZOZ2oKf76M3nOs46fFYL8D+Q8JYA4GYeJ8Cjw==",
			"dev": true,
			"requires": {
				"anymatch": "~3.1.1",
				"braces": "~3.0.2",
				"fsevents": "~2.1.1",
				"glob-parent": "~5.1.0",
				"is-binary-path": "~2.1.0",
				"is-glob": "~4.0.1",
				"normalize-path": "~3.0.0",
				"readdirp": "~3.2.0"
			}
		},
		"commander": {
			"version": "2.20.0",
			"resolved": "https://registry.npmjs.org/commander/-/commander-2.20.0.tgz",
			"integrity": "sha512-7j2y+40w61zy6YC2iRNpUe/NwhNyoXrYpHMrSunaMG64nRnaf96zO/KMQR4OyN/UnE5KLyEBnKHd4aG3rskjpQ==",
			"dev": true
		},
		"concat-map": {
			"version": "0.0.1",
			"resolved": "https://registry.npmjs.org/concat-map/-/concat-map-0.0.1.tgz",
			"integrity": "sha1-2Klr13/Wjfd5OnMDajug1UBdR3s=",
			"dev": true
		},
		"fill-range": {
			"version": "7.0.1",
			"resolved": "https://registry.npmjs.org/fill-range/-/fill-range-7.0.1.tgz",
			"integrity": "sha512-qOo9F+dMUmC2Lcb4BbVvnKJxTPjCm+RRpe4gDuGrzkL7mEVl/djYSu2OdQ2Pa302N4oqkSg9ir6jaLWJ2USVpQ==",
			"dev": true,
			"requires": {
				"to-regex-range": "^5.0.1"
			}
		},
		"fs.realpath": {
			"version": "1.0.0",
			"resolved": "https://registry.npmjs.org/fs.realpath/-/fs.realpath-1.0.0.tgz",
			"integrity": "sha1-FQStJSMVjKpA20onh8sBQRmU6k8=",
			"dev": true
		},
		"fsevents": {
			"version": "2.1.1",
			"resolved": "https://registry.npmjs.org/fsevents/-/fsevents-2.1.1.tgz",
			"integrity": "sha512-4FRPXWETxtigtJW/gxzEDsX1LVbPAM93VleB83kZB+ellqbHMkyt2aJfuzNLRvFPnGi6bcE5SvfxgbXPeKteJw==",
			"dev": true,
			"optional": true
		},
		"glob": {
			"version": "7.1.4",
			"resolved": "https://registry.npmjs.org/glob/-/glob-7.1.4.tgz",
			"integrity": "sha512-hkLPepehmnKk41pUGm3sYxoFs/umurYfYJCerbXEyFIWcAzvpipAgVkBqqT9RBKMGjnq6kMuyYwha6csxbiM1A==",
			"dev": true,
			"requires": {
				"fs.realpath": "^1.0.0",
				"inflight": "^1.0.4",
				"inherits": "2",
				"minimatch": "^3.0.4",
				"once": "^1.3.0",
				"path-is-absolute": "^1.0.0"
			}
		},
		"glob-cmd": {
			"version": "0.0.7",
			"resolved": "https://registry.npmjs.org/glob-cmd/-/glob-cmd-0.0.7.tgz",
			"integrity": "sha512-mJ0Y8KuflmBIBWqo06Lg6uCdHquJLw8hbstGZ6FKc9DHQtkhux33GtfSYexqGDRWYy0DSt8jfmV0SLiVmxpiuQ==",
			"dev": true,
			"requires": {
				"commander": "^2.15.1",
				"glob": "^7.1.2"
			}
		},
		"glob-parent": {
			"version": "5.1.0",
			"resolved": "https://registry.npmjs.org/glob-parent/-/glob-parent-5.1.0.tgz",
			"integrity": "sha512-qjtRgnIVmOfnKUE3NJAQEdk+lKrxfw8t5ke7SXtfMTHcjsBfOfWXCQfdb30zfDoZQ2IRSIiidmjtbHZPZ++Ihw==",
			"dev": true,
			"requires": {
				"is-glob": "^4.0.1"
			}
		},
		"inflight": {
			"version": "1.0.6",
			"resolved": "https://registry.npmjs.org/inflight/-/inflight-1.0.6.tgz",
			"integrity": "sha1-Sb1jMdfQLQwJvJEKEHW6gWW1bfk=",
			"dev": true,
			"requires": {
				"once": "^1.3.0",
				"wrappy": "1"
			}
		},
		"inherits": {
			"version": "2.0.4",
			"resolved": "https://registry.npmjs.org/inherits/-/inherits-2.0.4.tgz",
			"integrity": "sha512-k/vGaX4/Yla3WzyMCvTQOXYeIHvqOKtnqBduzTHpzpQZzAskKMhZ2K+EnBiSM9zGSoIFeMpXKxa4dYeZIQqewQ==",
			"dev": true
		},
		"is-binary-path": {
			"version": "2.1.0",
			"resolved": "https://registry.npmjs.org/is-binary-path/-/is-binary-path-2.1.0.tgz",
			"integrity": "sha512-ZMERYes6pDydyuGidse7OsHxtbI7WVeUEozgR/g7rd0xUimYNlvZRE/K2MgZTjWy725IfelLeVcEM97mmtRGXw==",
			"dev": true,
			"requires": {
				"binary-extensions": "^2.0.0"
			}
		},
		"is-extglob": {
			"version": "2.1.1",
			"resolved": "https://registry.npmjs.org/is-extglob/-/is-extglob-2.1.1.tgz",
			"integrity": "sha1-qIwCU1eR8C7TfHahueqXc8gz+MI=",
			"dev": true
		},
		"is-glob": {
			"version": "4.0.1",
			"resolved": "https://registry.npmjs.org/is-glob/-/is-glob-4.0.1.tgz",
			"integrity": "sha512-5G0tKtBTFImOqDnLB2hG6Bp2qcKEFduo4tZu9MT/H6NQv/ghhy30o55ufafxJ/LdH79LLs2Kfrn85TLKyA7BUg==",
			"dev": true,
			"requires": {
				"is-extglob": "^2.1.1"
			}
		},
		"is-number": {
			"version": "7.0.0",
			"resolved": "https://registry.npmjs.org/is-number/-/is-number-7.0.0.tgz",
			"integrity": "sha512-41Cifkg6e8TylSpdtTpeLVMqvSBEVzTttHvERD741+pnZ8ANv0004MRL43QKPDlK9cGvNp6NZWZUBlbGXYxxng==",
			"dev": true
		},
		"minimatch": {
			"version": "3.0.4",
			"resolved": "https://registry.npmjs.org/minimatch/-/minimatch-3.0.4.tgz",
			"integrity": "sha512-yJHVQEhyqPLUTgt9B83PXu6W3rx4MvvHvSUvToogpwoGDOUQ+yDrR0HRot+yOCdCO7u4hX3pWft6kWBBcqh0UA==",
			"dev": true,
			"requires": {
				"brace-expansion": "^1.1.7"
			}
		},
		"normalize-path": {
			"version": "3.0.0",
			"resolved": "https://registry.npmjs.org/normalize-path/-/normalize-path-3.0.0.tgz",
			"integrity": "sha512-6eZs5Ls3WtCisHWp9S2GUy8dqkpGi4BVSz3GaqiE6ezub0512ESztXUwUB6C6IKbQkY2Pnb/mD4WYojCRwcwLA==",
			"dev": true
		},
		"once": {
			"version": "1.4.0",
			"resolved": "https://registry.npmjs.org/once/-/once-1.4.0.tgz",
			"integrity": "sha1-WDsap3WWHUsROsF9nFC6753Xa9E=",
			"dev": true,
			"requires": {
				"wrappy": "1"
			}
		},
		"path-is-absolute": {
			"version": "1.0.1",
			"resolved": "https://registry.npmjs.org/path-is-absolute/-/path-is-absolute-1.0.1.tgz",
			"integrity": "sha1-F0uSaHNVNP+8es5r9TpanhtcX18=",
			"dev": true
		},
		"picomatch": {
			"version": "2.0.7",
			"resolved": "https://registry.npmjs.org/picomatch/-/picomatch-2.0.7.tgz",
			"integrity": "sha512-oLHIdio3tZ0qH76NybpeneBhYVj0QFTfXEFTc/B3zKQspYfYYkWYgFsmzo+4kvId/bQRcNkVeguI3y+CD22BtA==",
			"dev": true
		},
		"readdirp": {
			"version": "3.2.0",
			"resolved": "https://registry.npmjs.org/readdirp/-/readdirp-3.2.0.tgz",
			"integrity": "sha512-crk4Qu3pmXwgxdSgGhgA/eXiJAPQiX4GMOZZMXnqKxHX7TaoL+3gQVo/WeuAiogr07DpnfjIMpXXa+PAIvwPGQ==",
			"dev": true,
			"requires": {
				"picomatch": "^2.0.4"
			}
		},
		"sass": {
			"version": "1.23.1",
			"resolved": "https://registry.npmjs.org/sass/-/sass-1.23.1.tgz",
			"integrity": "sha512-zQzJ3UETUWOMd/pJJGH/zvRsBVO97m11RcpfUhcQUHEXf0yHUBgOIE/Nw8aK0m1XyVJPeq228iIK7gVxsJ/Puw==",
			"dev": true,
			"requires": {
				"chokidar": ">=2.0.0 <4.0.0"
			}
		},
		"to-regex-range": {
			"version": "5.0.1",
			"resolved": "https://registry.npmjs.org/to-regex-range/-/to-regex-range-5.0.1.tgz",
			"integrity": "sha512-65P7iz6X5yEr1cwcgvQxbbIw7Uk3gOy5dIdtZ4rDveLqhrdJP+Li/Hx6tyK0NEb+2GCyneCMJiGqrADCSNk8sQ==",
			"dev": true,
			"requires": {
				"is-number": "^7.0.0"
			}
		},
		"tslib": {
			"version": "1.10.0",
			"resolved": "https://registry.npmjs.org/tslib/-/tslib-1.10.0.tgz",
			"integrity": "sha512-qOebF53frne81cf0S9B41ByenJ3/IuH8yJKngAX35CmiZySA0khhkovshKK+jGCaMnVomla7gVlIcc3EvKPbTQ=="
		},
		"wrappy": {
			"version": "1.0.2",
			"resolved": "https://registry.npmjs.org/wrappy/-/wrappy-1.0.2.tgz",
			"integrity": "sha1-tSQ9jz7BqjXxNkYFvA0QNuMKtp8=",
			"dev": true
		}
	}
}
