{
  "name": "@smui-extra/bottom-app-bar",
  "version": "7.0.0-beta.8",
  "lockfileVersion": 2,
  "requires": true,
  "packages": {
    "": {
      "name": "@smui-extra/bottom-app-bar",
      "version": "7.0.0-beta.8",
      "license": "Apache-2.0",
      "devDependencies": {
        "@tsconfig/svelte": "^4.0.1"
      }
    },
    "node_modules/@tsconfig/svelte": {
      "version": "4.0.1",
      "resolved": "https://registry.npmjs.org/@tsconfig/svelte/-/svelte-4.0.1.tgz",
      "integrity": "sha512-B+XlGpmuAQzJqDoBATNCvEPqQg0HkO7S8pM14QDI5NsmtymzRexQ1N+nX2H6RTtFbuFgaZD4I8AAi8voGg0GLg==",
      "dev": true
    }
  },
  "dependencies": {
    "@tsconfig/svelte": {
      "version": "4.0.1",
      "resolved": "https://registry.npmjs.org/@tsconfig/svelte/-/svelte-4.0.1.tgz",
      "integrity": "sha512-B+XlGpmuAQzJqDoBATNCvEPqQg0HkO7S8pM14QDI5NsmtymzRexQ1N+nX2H6RTtFbuFgaZD4I8AAi8voGg0GLg==",
      "dev": true
    }
  }
}
