{
	"name": "@smui/touch-target",
	"version": "3.0.0-beta.7",
	"lockfileVersion": 2,
	"requires": true,
	"packages": {
		"": {
			"name": "@smui/touch-target",
			"version": "3.0.0-beta.6",
			"license": "Apache-2.0",
			"dependencies": {
				"@material/touch-target": "^10.0.0"
			},
			"devDependencies": {
				"sass": "^1.32.8"
			}
		},
		"../common": {
			"name": "@smui/common",
			"version": "3.0.0-beta.6",
			"extraneous": true,
			"license": "Apache-2.0",
			"dependencies": {
				"svelte": "^3.35.0"
			}
		},
		"node_modules/@material/base": {
			"version": "10.0.0",
			"license": "MIT",
			"dependencies": {
				"tslib": "^1.9.3"
			}
		},
		"node_modules/@material/feature-targeting": {
			"version": "10.0.0",
			"license": "MIT"
		},
		"node_modules/@material/touch-target": {
			"version": "10.0.0",
			"resolved": "https://registry.npmjs.org/@material/touch-target/-/touch-target-10.0.0.tgz",
			"integrity": "sha512-uDWxktK/CODyNNyvXwzTFXcxqujQrVX3LoIsOXu87Z0fq4n2u74WlemJoniMbVKdsKsiJWcZ1uvrvhSeOdNQ2Q==",
			"dependencies": {
				"@material/base": "^10.0.0",
				"@material/feature-targeting": "^10.0.0"
			}
		},
		"node_modules/anymatch": {
			"version": "3.1.1",
			"dev": true,
			"license": "ISC",
			"dependencies": {
				"normalize-path": "^3.0.0",
				"picomatch": "^2.0.4"
			},
			"engines": {
				"node": ">= 8"
			}
		},
		"node_modules/binary-extensions": {
			"version": "2.2.0",
			"dev": true,
			"license": "MIT",
			"engines": {
				"node": ">=8"
			}
		},
		"node_modules/braces": {
			"version": "3.0.2",
			"dev": true,
			"license": "MIT",
			"dependencies": {
				"fill-range": "^7.0.1"
			},
			"engines": {
				"node": ">=8"
			}
		},
		"node_modules/chokidar": {
			"version": "3.5.1",
			"dev": true,
			"license": "MIT",
			"dependencies": {
				"anymatch": "~3.1.1",
				"braces": "~3.0.2",
				"glob-parent": "~5.1.0",
				"is-binary-path": "~2.1.0",
				"is-glob": "~4.0.1",
				"normalize-path": "~3.0.0",
				"readdirp": "~3.5.0"
			},
			"engines": {
				"node": ">= 8.10.0"
			},
			"optionalDependencies": {
				"fsevents": "~2.3.1"
			}
		},
		"node_modules/fill-range": {
			"version": "7.0.1",
			"dev": true,
			"license": "MIT",
			"dependencies": {
				"to-regex-range": "^5.0.1"
			},
			"engines": {
				"node": ">=8"
			}
		},
		"node_modules/glob-parent": {
			"version": "5.1.2",
			"dev": true,
			"license": "ISC",
			"dependencies": {
				"is-glob": "^4.0.1"
			},
			"engines": {
				"node": ">= 6"
			}
		},
		"node_modules/is-binary-path": {
			"version": "2.1.0",
			"dev": true,
			"license": "MIT",
			"dependencies": {
				"binary-extensions": "^2.0.0"
			},
			"engines": {
				"node": ">=8"
			}
		},
		"node_modules/is-extglob": {
			"version": "2.1.1",
			"dev": true,
			"license": "MIT",
			"engines": {
				"node": ">=0.10.0"
			}
		},
		"node_modules/is-glob": {
			"version": "4.0.1",
			"dev": true,
			"license": "MIT",
			"dependencies": {
				"is-extglob": "^2.1.1"
			},
			"engines": {
				"node": ">=0.10.0"
			}
		},
		"node_modules/is-number": {
			"version": "7.0.0",
			"dev": true,
			"license": "MIT",
			"engines": {
				"node": ">=0.12.0"
			}
		},
		"node_modules/normalize-path": {
			"version": "3.0.0",
			"dev": true,
			"license": "MIT",
			"engines": {
				"node": ">=0.10.0"
			}
		},
		"node_modules/picomatch": {
			"version": "2.2.2",
			"dev": true,
			"license": "MIT",
			"engines": {
				"node": ">=8.6"
			},
			"funding": {
				"url": "https://github.com/sponsors/jonschlinkert"
			}
		},
		"node_modules/readdirp": {
			"version": "3.5.0",
			"dev": true,
			"license": "MIT",
			"dependencies": {
				"picomatch": "^2.2.1"
			},
			"engines": {
				"node": ">=8.10.0"
			}
		},
		"node_modules/sass": {
			"version": "1.32.8",
			"dev": true,
			"license": "MIT",
			"dependencies": {
				"chokidar": ">=2.0.0 <4.0.0"
			},
			"bin": {
				"sass": "sass.js"
			},
			"engines": {
				"node": ">=8.9.0"
			}
		},
		"node_modules/to-regex-range": {
			"version": "5.0.1",
			"dev": true,
			"license": "MIT",
			"dependencies": {
				"is-number": "^7.0.0"
			},
			"engines": {
				"node": ">=8.0"
			}
		},
		"node_modules/tslib": {
			"version": "1.14.1",
			"license": "0BSD"
		}
	},
	"dependencies": {
		"@material/base": {
			"version": "10.0.0",
			"requires": {
				"tslib": "^1.9.3"
			}
		},
		"@material/feature-targeting": {
			"version": "10.0.0"
		},
		"@material/touch-target": {
			"version": "10.0.0",
			"resolved": "https://registry.npmjs.org/@material/touch-target/-/touch-target-10.0.0.tgz",
			"integrity": "sha512-uDWxktK/CODyNNyvXwzTFXcxqujQrVX3LoIsOXu87Z0fq4n2u74WlemJoniMbVKdsKsiJWcZ1uvrvhSeOdNQ2Q==",
			"requires": {
				"@material/base": "^10.0.0",
				"@material/feature-targeting": "^10.0.0"
			}
		},
		"anymatch": {
			"version": "3.1.1",
			"dev": true,
			"requires": {
				"normalize-path": "^3.0.0",
				"picomatch": "^2.0.4"
			}
		},
		"binary-extensions": {
			"version": "2.2.0",
			"dev": true
		},
		"braces": {
			"version": "3.0.2",
			"dev": true,
			"requires": {
				"fill-range": "^7.0.1"
			}
		},
		"chokidar": {
			"version": "3.5.1",
			"dev": true,
			"requires": {
				"anymatch": "~3.1.1",
				"braces": "~3.0.2",
				"fsevents": "~2.3.1",
				"glob-parent": "~5.1.0",
				"is-binary-path": "~2.1.0",
				"is-glob": "~4.0.1",
				"normalize-path": "~3.0.0",
				"readdirp": "~3.5.0"
			}
		},
		"fill-range": {
			"version": "7.0.1",
			"dev": true,
			"requires": {
				"to-regex-range": "^5.0.1"
			}
		},
		"glob-parent": {
			"version": "5.1.2",
			"dev": true,
			"requires": {
				"is-glob": "^4.0.1"
			}
		},
		"is-binary-path": {
			"version": "2.1.0",
			"dev": true,
			"requires": {
				"binary-extensions": "^2.0.0"
			}
		},
		"is-extglob": {
			"version": "2.1.1",
			"dev": true
		},
		"is-glob": {
			"version": "4.0.1",
			"dev": true,
			"requires": {
				"is-extglob": "^2.1.1"
			}
		},
		"is-number": {
			"version": "7.0.0",
			"dev": true
		},
		"normalize-path": {
			"version": "3.0.0",
			"dev": true
		},
		"picomatch": {
			"version": "2.2.2",
			"dev": true
		},
		"readdirp": {
			"version": "3.5.0",
			"dev": true,
			"requires": {
				"picomatch": "^2.2.1"
			}
		},
		"sass": {
			"version": "1.32.8",
			"dev": true,
			"requires": {
				"chokidar": ">=2.0.0 <4.0.0"
			}
		},
		"to-regex-range": {
			"version": "5.0.1",
			"dev": true,
			"requires": {
				"is-number": "^7.0.0"
			}
		},
		"tslib": {
			"version": "1.14.1"
		}
	}
}
