{
	"name": "@smui-extra/site",
	"version": "4.2.0",
	"lockfileVersion": 2,
	"requires": true,
	"packages": {
		"": {
			"name": "@smui-extra/site",
			"version": "4.2.0",
			"license": "Apache-2.0",
			"devDependencies": {
				"svelte": "^3.35.0"
			}
		},
		"node_modules/svelte": {
			"version": "3.42.4",
			"resolved": "https://registry.npmjs.org/svelte/-/svelte-3.42.4.tgz",
			"integrity": "sha512-DqC0AmDdBrrbIA+Kzl3yhBb6qCn4vZOAfxye2pTnIpinLegyagC5sLI8Pe9GPlXu9VpHBXIwpDDedpMfu++epA==",
			"dev": true,
			"engines": {
				"node": ">= 8"
			}
		}
	},
	"dependencies": {
		"svelte": {
			"version": "3.42.4",
			"resolved": "https://registry.npmjs.org/svelte/-/svelte-3.42.4.tgz",
			"integrity": "sha512-DqC0AmDdBrrbIA+Kzl3yhBb6qCn4vZOAfxye2pTnIpinLegyagC5sLI8Pe9GPlXu9VpHBXIwpDDedpMfu++epA==",
			"dev": true
		}
	}
}
