{
	"name": "@smui-extra/site",
	"version": "6.0.0-beta.16",
	"lockfileVersion": 2,
	"requires": true,
	"packages": {
		"": {
			"name": "@smui-extra/site",
			"version": "6.0.0-beta.16",
			"license": "Apache-2.0",
			"devDependencies": {
				"sass": "^1.50.0"
			}
		},
		"../accordion": {
			"name": "@smui-extra/accordion",
			"version": "6.0.0-beta.13",
			"extraneous": true,
			"license": "Apache-2.0",
			"dependencies": {
				"@material/animation": "^13.0.0",
				"@material/elevation": "^13.0.0",
				"@material/feature-targeting": "^13.0.0",
				"@material/ripple": "^13.0.0",
				"@material/theme": "^13.0.0",
				"@material/typography": "^13.0.0",
				"@smui/common": "^6.0.0-beta.13",
				"@smui/paper": "^6.0.0-beta.13",
				"@smui/ripple": "^6.0.0-beta.13",
				"svelte2tsx": "^0.4.14"
			},
			"devDependencies": {
				"@tsconfig/svelte": "^3.0.0",
				"sass": "^1.49.0",
				"svelte-strip": "^1.0.1",
				"tslib": "^2.3.1",
				"typescript": "^4.5.5"
			}
		},
		"../autocomplete": {
			"name": "@smui-extra/autocomplete",
			"version": "6.0.0-beta.13",
			"extraneous": true,
			"license": "Apache-2.0",
			"dependencies": {
				"@smui/common": "^6.0.0-beta.13",
				"@smui/list": "^6.0.0-beta.13",
				"@smui/menu": "^6.0.0-beta.13",
				"@smui/menu-surface": "^6.0.0-beta.13",
				"@smui/textfield": "^6.0.0-beta.13",
				"svelte2tsx": "^0.4.14"
			},
			"devDependencies": {
				"@tsconfig/svelte": "^3.0.0",
				"sass": "^1.49.0",
				"svelte-strip": "^1.0.1",
				"tslib": "^2.3.1",
				"typescript": "^4.5.5"
			}
		},
		"../badge": {
			"name": "@smui-extra/badge",
			"version": "6.0.0-beta.13",
			"extraneous": true,
			"license": "Apache-2.0",
			"dependencies": {
				"@material/feature-targeting": "^13.0.0",
				"@material/rtl": "^13.0.0",
				"@material/shape": "^13.0.0",
				"@material/theme": "^13.0.0",
				"@material/typography": "^13.0.0",
				"@smui/common": "^6.0.0-beta.13",
				"svelte2tsx": "^0.4.14"
			},
			"devDependencies": {
				"@tsconfig/svelte": "^3.0.0",
				"sass": "^1.49.0",
				"svelte-strip": "^1.0.1",
				"tslib": "^2.3.1",
				"typescript": "^4.5.5"
			}
		},
		"../banner": {
			"name": "@smui/banner",
			"version": "6.0.0-beta.13",
			"extraneous": true,
			"license": "Apache-2.0",
			"dependencies": {
				"@material/banner": "^13.0.0",
				"@smui/common": "^6.0.0-beta.13",
				"svelte2tsx": "^0.4.14"
			},
			"devDependencies": {
				"@tsconfig/svelte": "^3.0.0",
				"sass": "^1.49.0",
				"svelte-strip": "^1.0.1",
				"tslib": "^2.3.1",
				"typescript": "^4.5.5"
			}
		},
		"../button": {
			"name": "@smui/button",
			"version": "6.0.0-beta.13",
			"extraneous": true,
			"license": "Apache-2.0",
			"dependencies": {
				"@material/button": "^13.0.0",
				"@material/elevation": "^13.0.0",
				"@material/feature-targeting": "^13.0.0",
				"@material/ripple": "^13.0.0",
				"@material/theme": "^13.0.0",
				"@smui/common": "^6.0.0-beta.13",
				"@smui/ripple": "^6.0.0-beta.13",
				"svelte2tsx": "^0.4.14"
			},
			"devDependencies": {
				"@tsconfig/svelte": "^3.0.0",
				"sass": "^1.49.0",
				"svelte-strip": "^1.0.1",
				"tslib": "^2.3.1",
				"typescript": "^4.5.5"
			}
		},
		"../card": {
			"name": "@smui/card",
			"version": "6.0.0-beta.13",
			"extraneous": true,
			"license": "Apache-2.0",
			"dependencies": {
				"@material/card": "^13.0.0",
				"@smui/button": "^6.0.0-beta.13",
				"@smui/common": "^6.0.0-beta.13",
				"@smui/icon-button": "^6.0.0-beta.13",
				"@smui/ripple": "^6.0.0-beta.13",
				"svelte2tsx": "^0.4.14"
			},
			"devDependencies": {
				"@material/button": "^13.0.0",
				"@material/icon-button": "^13.0.0",
				"@tsconfig/svelte": "^3.0.0",
				"sass": "^1.49.0",
				"svelte-strip": "^1.0.1",
				"tslib": "^2.3.1",
				"typescript": "^4.5.5"
			}
		},
		"../checkbox": {
			"name": "@smui/checkbox",
			"version": "6.0.0-beta.13",
			"extraneous": true,
			"license": "Apache-2.0",
			"dependencies": {
				"@material/checkbox": "^13.0.0",
				"@smui/common": "^6.0.0-beta.13",
				"@smui/ripple": "^6.0.0-beta.13",
				"svelte2tsx": "^0.4.14"
			},
			"devDependencies": {
				"@tsconfig/svelte": "^3.0.0",
				"sass": "^1.49.0",
				"svelte-strip": "^1.0.1",
				"tslib": "^2.3.1",
				"typescript": "^4.5.5"
			}
		},
		"../chips": {
			"name": "@smui/chips",
			"version": "6.0.0-beta.13",
			"extraneous": true,
			"license": "Apache-2.0",
			"dependencies": {
				"@material/chips": "^13.0.0",
				"@material/dom": "^13.0.0",
				"@material/rtl": "^13.0.0",
				"@smui/common": "^6.0.0-beta.13",
				"@smui/ripple": "^6.0.0-beta.13",
				"svelte2tsx": "^0.4.14"
			},
			"devDependencies": {
				"@tsconfig/svelte": "^3.0.0",
				"sass": "^1.49.0",
				"svelte-strip": "^1.0.1",
				"tslib": "^2.3.1",
				"typescript": "^4.5.5"
			}
		},
		"../circular-progress": {
			"name": "@smui/circular-progress",
			"version": "6.0.0-beta.13",
			"extraneous": true,
			"license": "Apache-2.0",
			"dependencies": {
				"@material/circular-progress": "^13.0.0",
				"@smui/common": "^6.0.0-beta.13",
				"svelte2tsx": "^0.4.14"
			},
			"devDependencies": {
				"@tsconfig/svelte": "^3.0.0",
				"sass": "^1.49.0",
				"svelte-strip": "^1.0.1",
				"tslib": "^2.3.1",
				"typescript": "^4.5.5"
			}
		},
		"../common": {
			"name": "@smui/common",
			"version": "6.0.0-beta.13",
			"extraneous": true,
			"license": "Apache-2.0",
			"dependencies": {
				"@material/dom": "^13.0.0",
				"@tsconfig/svelte": "^3.0.0",
				"svelte2tsx": "^0.4.14"
			},
			"devDependencies": {
				"sass": "^1.49.0",
				"svelte-strip": "^1.0.1",
				"tslib": "^2.3.1",
				"typescript": "^4.5.5"
			}
		},
		"../data-table": {
			"name": "@smui/data-table",
			"version": "6.0.0-beta.13",
			"extraneous": true,
			"license": "Apache-2.0",
			"dependencies": {
				"@material/data-table": "^13.0.0",
				"@material/dom": "^13.0.0",
				"@smui/checkbox": "^6.0.0-beta.13",
				"@smui/common": "^6.0.0-beta.13",
				"@smui/icon-button": "^6.0.0-beta.13",
				"@smui/ripple": "^6.0.0-beta.13",
				"@smui/select": "^6.0.0-beta.13",
				"svelte2tsx": "^0.4.14"
			},
			"devDependencies": {
				"@tsconfig/svelte": "^3.0.0",
				"sass": "^1.49.0",
				"svelte-strip": "^1.0.1",
				"tslib": "^2.3.1",
				"typescript": "^4.5.5"
			}
		},
		"../dialog": {
			"name": "@smui/dialog",
			"version": "6.0.0-beta.13",
			"extraneous": true,
			"license": "Apache-2.0",
			"dependencies": {
				"@material/button": "^13.0.0",
				"@material/dialog": "^13.0.0",
				"@material/dom": "^13.0.0",
				"@smui/common": "^6.0.0-beta.13",
				"svelte2tsx": "^0.4.14"
			},
			"devDependencies": {
				"@tsconfig/svelte": "^3.0.0",
				"sass": "^1.49.0",
				"svelte-strip": "^1.0.1",
				"tslib": "^2.3.1",
				"typescript": "^4.5.5"
			}
		},
		"../drawer": {
			"name": "@smui/drawer",
			"version": "6.0.0-beta.13",
			"extraneous": true,
			"license": "Apache-2.0",
			"dependencies": {
				"@material/dom": "^13.0.0",
				"@material/drawer": "^13.0.0",
				"@smui/common": "^6.0.0-beta.13",
				"svelte2tsx": "^0.4.14"
			},
			"devDependencies": {
				"@tsconfig/svelte": "^3.0.0",
				"sass": "^1.49.0",
				"svelte-strip": "^1.0.1",
				"tslib": "^2.3.1",
				"typescript": "^4.5.5"
			}
		},
		"../fab": {
			"name": "@smui/fab",
			"version": "6.0.0-beta.13",
			"extraneous": true,
			"license": "Apache-2.0",
			"dependencies": {
				"@material/fab": "^13.0.0",
				"@material/feature-targeting": "^13.0.0",
				"@smui/common": "^6.0.0-beta.13",
				"@smui/ripple": "^6.0.0-beta.13",
				"svelte2tsx": "^0.4.14"
			},
			"devDependencies": {
				"@tsconfig/svelte": "^3.0.0",
				"sass": "^1.49.0",
				"svelte-strip": "^1.0.1",
				"tslib": "^2.3.1",
				"typescript": "^4.5.5"
			}
		},
		"../floating-label": {
			"name": "@smui/floating-label",
			"version": "6.0.0-beta.13",
			"extraneous": true,
			"license": "Apache-2.0",
			"dependencies": {
				"@material/floating-label": "^13.0.0",
				"@smui/common": "^6.0.0-beta.13",
				"svelte2tsx": "^0.4.14"
			},
			"devDependencies": {
				"@tsconfig/svelte": "^3.0.0",
				"sass": "^1.49.0",
				"svelte-strip": "^1.0.1",
				"tslib": "^2.3.1",
				"typescript": "^4.5.5"
			}
		},
		"../form-field": {
			"name": "@smui/form-field",
			"version": "6.0.0-beta.13",
			"extraneous": true,
			"license": "Apache-2.0",
			"dependencies": {
				"@material/feature-targeting": "^13.0.0",
				"@material/form-field": "^13.0.0",
				"@material/rtl": "^13.0.0",
				"@smui/common": "^6.0.0-beta.13",
				"svelte2tsx": "^0.4.14"
			},
			"devDependencies": {
				"@tsconfig/svelte": "^3.0.0",
				"sass": "^1.49.0",
				"svelte-strip": "^1.0.1",
				"tslib": "^2.3.1",
				"typescript": "^4.5.5"
			}
		},
		"../icon-button": {
			"name": "@smui/icon-button",
			"version": "6.0.0-beta.13",
			"extraneous": true,
			"license": "Apache-2.0",
			"dependencies": {
				"@material/density": "^13.0.0",
				"@material/icon-button": "^13.0.0",
				"@smui/common": "^6.0.0-beta.13",
				"@smui/ripple": "^6.0.0-beta.13",
				"svelte2tsx": "^0.4.14"
			},
			"devDependencies": {
				"@tsconfig/svelte": "^3.0.0",
				"sass": "^1.49.0",
				"svelte-strip": "^1.0.1",
				"tslib": "^2.3.1",
				"typescript": "^4.5.5"
			}
		},
		"../image-list": {
			"name": "@smui/image-list",
			"version": "6.0.0-beta.13",
			"extraneous": true,
			"license": "Apache-2.0",
			"dependencies": {
				"@material/image-list": "^13.0.0",
				"@smui/common": "^6.0.0-beta.13",
				"svelte2tsx": "^0.4.14"
			},
			"devDependencies": {
				"@tsconfig/svelte": "^3.0.0",
				"sass": "^1.49.0",
				"svelte-strip": "^1.0.1",
				"tslib": "^2.3.1",
				"typescript": "^4.5.5"
			}
		},
		"../layout-grid": {
			"name": "@smui/layout-grid",
			"version": "6.0.0-beta.13",
			"extraneous": true,
			"license": "Apache-2.0",
			"dependencies": {
				"@material/layout-grid": "^13.0.0",
				"@smui/common": "^6.0.0-beta.13",
				"svelte2tsx": "^0.4.14"
			},
			"devDependencies": {
				"@tsconfig/svelte": "^3.0.0",
				"sass": "^1.49.0",
				"svelte-strip": "^1.0.1",
				"tslib": "^2.3.1",
				"typescript": "^4.5.5"
			}
		},
		"../line-ripple": {
			"name": "@smui/line-ripple",
			"version": "6.0.0-beta.13",
			"extraneous": true,
			"license": "Apache-2.0",
			"dependencies": {
				"@material/line-ripple": "^13.0.0",
				"@smui/common": "^6.0.0-beta.13",
				"svelte2tsx": "^0.4.14"
			},
			"devDependencies": {
				"@tsconfig/svelte": "^3.0.0",
				"sass": "^1.49.0",
				"svelte-strip": "^1.0.1",
				"tslib": "^2.3.1",
				"typescript": "^4.5.5"
			}
		},
		"../linear-progress": {
			"name": "@smui/linear-progress",
			"version": "6.0.0-beta.13",
			"extraneous": true,
			"license": "Apache-2.0",
			"dependencies": {
				"@material/linear-progress": "^13.0.0",
				"@smui/common": "^6.0.0-beta.13",
				"svelte2tsx": "^0.4.14"
			},
			"devDependencies": {
				"@tsconfig/svelte": "^3.0.0",
				"sass": "^1.49.0",
				"svelte-strip": "^1.0.1",
				"tslib": "^2.3.1",
				"typescript": "^4.5.5"
			}
		},
		"../list": {
			"name": "@smui/list",
			"version": "6.0.0-beta.13",
			"extraneous": true,
			"license": "Apache-2.0",
			"dependencies": {
				"@material/dom": "^13.0.0",
				"@material/feature-targeting": "^13.0.0",
				"@material/list": "^13.0.0",
				"@smui/common": "^6.0.0-beta.13",
				"@smui/ripple": "^6.0.0-beta.13",
				"svelte2tsx": "^0.4.14"
			},
			"devDependencies": {
				"@tsconfig/svelte": "^3.0.0",
				"sass": "^1.49.0",
				"svelte-strip": "^1.0.1",
				"tslib": "^2.3.1",
				"typescript": "^4.5.5"
			}
		},
		"../menu": {
			"name": "@smui/menu",
			"version": "6.0.0-beta.13",
			"extraneous": true,
			"license": "Apache-2.0",
			"dependencies": {
				"@material/dom": "^13.0.0",
				"@material/menu": "^13.0.0",
				"@smui/common": "^6.0.0-beta.13",
				"@smui/list": "^6.0.0-beta.13",
				"@smui/menu-surface": "^6.0.0-beta.13",
				"svelte2tsx": "^0.4.14"
			},
			"devDependencies": {
				"@tsconfig/svelte": "^3.0.0",
				"sass": "^1.49.0",
				"svelte-strip": "^1.0.1",
				"tslib": "^2.3.1",
				"typescript": "^4.5.5"
			}
		},
		"../menu-surface": {
			"name": "@smui/menu-surface",
			"version": "6.0.0-beta.13",
			"extraneous": true,
			"license": "Apache-2.0",
			"dependencies": {
				"@material/animation": "^13.0.0",
				"@material/menu-surface": "^13.0.0",
				"@smui/common": "^6.0.0-beta.13",
				"svelte2tsx": "^0.4.14"
			},
			"devDependencies": {
				"@tsconfig/svelte": "^3.0.0",
				"sass": "^1.49.0",
				"svelte-strip": "^1.0.1",
				"tslib": "^2.3.1",
				"typescript": "^4.5.5"
			}
		},
		"../notched-outline": {
			"name": "@smui/notched-outline",
			"version": "6.0.0-beta.13",
			"extraneous": true,
			"license": "Apache-2.0",
			"dependencies": {
				"@material/notched-outline": "^13.0.0",
				"@smui/common": "^6.0.0-beta.13",
				"@smui/floating-label": "^6.0.0-beta.13",
				"svelte2tsx": "^0.4.14"
			},
			"devDependencies": {
				"@tsconfig/svelte": "^3.0.0",
				"sass": "^1.49.0",
				"svelte-strip": "^1.0.1",
				"tslib": "^2.3.1",
				"typescript": "^4.5.5"
			}
		},
		"../paper": {
			"name": "@smui/paper",
			"version": "6.0.0-beta.13",
			"extraneous": true,
			"license": "Apache-2.0",
			"dependencies": {
				"@material/elevation": "^13.0.0",
				"@material/feature-targeting": "^13.0.0",
				"@material/shape": "^13.0.0",
				"@material/theme": "^13.0.0",
				"@material/typography": "^13.0.0",
				"svelte2tsx": "^0.4.14"
			},
			"devDependencies": {
				"@tsconfig/svelte": "^3.0.0",
				"sass": "^1.49.0",
				"svelte-strip": "^1.0.1",
				"tslib": "^2.3.1",
				"typescript": "^4.5.5"
			}
		},
		"../radio": {
			"name": "@smui/radio",
			"version": "6.0.0-beta.13",
			"extraneous": true,
			"license": "Apache-2.0",
			"dependencies": {
				"@material/radio": "^13.0.0",
				"svelte2tsx": "^0.4.14"
			},
			"devDependencies": {
				"@tsconfig/svelte": "^3.0.0",
				"sass": "^1.49.0",
				"svelte-strip": "^1.0.1",
				"tslib": "^2.3.1",
				"typescript": "^4.5.5"
			}
		},
		"../ripple": {
			"name": "@smui/ripple",
			"version": "6.0.0-beta.13",
			"extraneous": true,
			"license": "Apache-2.0",
			"dependencies": {
				"@material/dom": "^13.0.0",
				"@material/ripple": "^13.0.0",
				"svelte2tsx": "^0.4.14"
			},
			"devDependencies": {
				"@tsconfig/svelte": "^3.0.0",
				"sass": "^1.49.0",
				"svelte-strip": "^1.0.1",
				"tslib": "^2.3.1",
				"typescript": "^4.5.5"
			}
		},
		"../segmented-button": {
			"name": "@smui/segmented-button",
			"version": "6.0.0-beta.13",
			"extraneous": true,
			"license": "Apache-2.0",
			"dependencies": {
				"@material/segmented-button": "^13.0.0",
				"svelte2tsx": "^0.4.14"
			},
			"devDependencies": {
				"@tsconfig/svelte": "^3.0.0",
				"sass": "^1.49.0",
				"svelte-strip": "^1.0.1",
				"tslib": "^2.3.1",
				"typescript": "^4.5.5"
			}
		},
		"../select": {
			"name": "@smui/select",
			"version": "6.0.0-beta.13",
			"extraneous": true,
			"license": "Apache-2.0",
			"dependencies": {
				"@material/feature-targeting": "^13.0.0",
				"@material/ripple": "^13.0.0",
				"@material/rtl": "^13.0.0",
				"@material/select": "^13.0.0",
				"@material/theme": "^13.0.0",
				"svelte2tsx": "^0.4.14"
			},
			"devDependencies": {
				"@tsconfig/svelte": "^3.0.0",
				"sass": "^1.49.0",
				"svelte-strip": "^1.0.1",
				"tslib": "^2.3.1",
				"typescript": "^4.5.5"
			}
		},
		"../slider": {
			"name": "@smui/slider",
			"version": "6.0.0-beta.13",
			"extraneous": true,
			"license": "Apache-2.0",
			"dependencies": {
				"@material/dom": "^13.0.0",
				"@material/slider": "^13.0.0",
				"svelte2tsx": "^0.4.14"
			},
			"devDependencies": {
				"@tsconfig/svelte": "^3.0.0",
				"sass": "^1.49.0",
				"svelte-strip": "^1.0.1",
				"tslib": "^2.3.1",
				"typescript": "^4.5.5"
			}
		},
		"../smui-theme": {
			"version": "6.0.0-beta.13",
			"extraneous": true,
			"license": "Apache-2.0",
			"dependencies": {
				"node-fetch": "^2.6.7",
				"sass": "^1.49.0",
				"yargs": "^17.3.1"
			},
			"bin": {
				"smui-theme": "smui-theme"
			}
		},
		"../snackbar": {
			"name": "@smui/snackbar",
			"version": "6.0.0-beta.13",
			"extraneous": true,
			"license": "Apache-2.0",
			"dependencies": {
				"@material/dom": "^13.0.0",
				"@material/feature-targeting": "^13.0.0",
				"@material/snackbar": "^13.0.0",
				"@smui/button": "^6.0.0-beta.13",
				"@smui/common": "^6.0.0-beta.13",
				"@smui/icon-button": "^6.0.0-beta.13",
				"@smui/ripple": "^6.0.0-beta.13",
				"svelte2tsx": "^0.4.14"
			},
			"devDependencies": {
				"@tsconfig/svelte": "^3.0.0",
				"sass": "^1.49.0",
				"svelte-strip": "^1.0.1",
				"tslib": "^2.3.1",
				"typescript": "^4.5.5"
			}
		},
		"../switch": {
			"name": "@smui/switch",
			"version": "6.0.0-beta.13",
			"extraneous": true,
			"license": "Apache-2.0",
			"dependencies": {
				"@material/feature-targeting": "^13.0.0",
				"@material/switch": "^13.0.0",
				"@material/theme": "^13.0.0",
				"@smui/common": "^6.0.0-beta.13",
				"@smui/ripple": "^6.0.0-beta.13",
				"svelte2tsx": "^0.4.14"
			},
			"devDependencies": {
				"@tsconfig/svelte": "^3.0.0",
				"sass": "^1.49.0",
				"svelte-strip": "^1.0.1",
				"tslib": "^2.3.1",
				"typescript": "^4.5.5"
			}
		},
		"../tab": {
			"name": "@smui/tab",
			"version": "6.0.0-beta.13",
			"extraneous": true,
			"license": "Apache-2.0",
			"dependencies": {
				"@material/tab": "^13.0.0",
				"@smui/common": "^6.0.0-beta.13",
				"@smui/ripple": "^6.0.0-beta.13",
				"@smui/tab-indicator": "^6.0.0-beta.13",
				"svelte2tsx": "^0.4.14"
			},
			"devDependencies": {
				"@tsconfig/svelte": "^3.0.0",
				"sass": "^1.49.0",
				"svelte-strip": "^1.0.1",
				"tslib": "^2.3.1",
				"typescript": "^4.5.5"
			}
		},
		"../tab-bar": {
			"name": "@smui/tab-bar",
			"version": "6.0.0-beta.13",
			"extraneous": true,
			"license": "Apache-2.0",
			"dependencies": {
				"@material/tab-bar": "^13.0.0",
				"@smui/common": "^6.0.0-beta.13",
				"@smui/tab": "^6.0.0-beta.13",
				"@smui/tab-scroller": "^6.0.0-beta.13",
				"svelte2tsx": "^0.4.14"
			},
			"devDependencies": {
				"@tsconfig/svelte": "^3.0.0",
				"sass": "^1.49.0",
				"svelte-strip": "^1.0.1",
				"tslib": "^2.3.1",
				"typescript": "^4.5.5"
			}
		},
		"../tab-indicator": {
			"name": "@smui/tab-indicator",
			"version": "6.0.0-beta.13",
			"extraneous": true,
			"license": "Apache-2.0",
			"dependencies": {
				"@material/tab-indicator": "^13.0.0",
				"@smui/common": "^6.0.0-beta.13",
				"svelte2tsx": "^0.4.14"
			},
			"devDependencies": {
				"@tsconfig/svelte": "^3.0.0",
				"sass": "^1.49.0",
				"svelte-strip": "^1.0.1",
				"tslib": "^2.3.1",
				"typescript": "^4.5.5"
			}
		},
		"../tab-scroller": {
			"name": "@smui/tab-scroller",
			"version": "6.0.0-beta.13",
			"extraneous": true,
			"license": "Apache-2.0",
			"dependencies": {
				"@material/dom": "^13.0.0",
				"@material/tab-scroller": "^13.0.0",
				"@smui/common": "^6.0.0-beta.13",
				"svelte2tsx": "^0.4.14"
			},
			"devDependencies": {
				"@tsconfig/svelte": "^3.0.0",
				"sass": "^1.49.0",
				"svelte-strip": "^1.0.1",
				"tslib": "^2.3.1",
				"typescript": "^4.5.5"
			}
		},
		"../textfield": {
			"name": "@smui/textfield",
			"version": "6.0.0-beta.13",
			"extraneous": true,
			"license": "Apache-2.0",
			"dependencies": {
				"@material/dom": "^13.0.0",
				"@material/feature-targeting": "^13.0.0",
				"@material/ripple": "^13.0.0",
				"@material/rtl": "^13.0.0",
				"@material/textfield": "^13.0.0",
				"@smui/common": "^6.0.0-beta.13",
				"@smui/floating-label": "^6.0.0-beta.13",
				"@smui/line-ripple": "^6.0.0-beta.13",
				"@smui/notched-outline": "^6.0.0-beta.13",
				"@smui/ripple": "^6.0.0-beta.13",
				"svelte2tsx": "^0.4.14"
			},
			"devDependencies": {
				"@tsconfig/svelte": "^3.0.0",
				"sass": "^1.49.0",
				"svelte-strip": "^1.0.1",
				"tslib": "^2.3.1",
				"typescript": "^4.5.5"
			}
		},
		"../tooltip": {
			"name": "@smui/tooltip",
			"version": "6.0.0-beta.13",
			"extraneous": true,
			"license": "Apache-2.0",
			"dependencies": {
				"@material/tooltip": "^13.0.0",
				"@smui/common": "^6.0.0-beta.13",
				"svelte2tsx": "^0.4.14"
			},
			"devDependencies": {
				"@tsconfig/svelte": "^3.0.0",
				"sass": "^1.49.0",
				"svelte-strip": "^1.0.1",
				"tslib": "^2.3.1",
				"typescript": "^4.5.5"
			}
		},
		"../top-app-bar": {
			"name": "@smui/top-app-bar",
			"version": "6.0.0-beta.13",
			"extraneous": true,
			"license": "Apache-2.0",
			"dependencies": {
				"@material/feature-targeting": "^13.0.0",
				"@material/top-app-bar": "^13.0.0",
				"@smui/common": "^6.0.0-beta.13",
				"svelte2tsx": "^0.4.14"
			},
			"devDependencies": {
				"@tsconfig/svelte": "^3.0.0",
				"sass": "^1.49.0",
				"svelte-strip": "^1.0.1",
				"tslib": "^2.3.1",
				"typescript": "^4.5.5"
			}
		},
		"../touch-target": {
			"name": "@smui/touch-target",
			"version": "6.0.0-beta.13",
			"extraneous": true,
			"license": "Apache-2.0",
			"dependencies": {
				"@material/touch-target": "^13.0.0",
				"@smui/common": "^6.0.0-beta.13",
				"svelte2tsx": "^0.4.14"
			},
			"devDependencies": {
				"@tsconfig/svelte": "^3.0.0",
				"sass": "^1.49.0",
				"svelte-strip": "^1.0.1",
				"tslib": "^2.3.1",
				"typescript": "^4.5.5"
			}
		},
		"node_modules/anymatch": {
			"version": "3.1.2",
			"resolved": "https://registry.npmjs.org/anymatch/-/anymatch-3.1.2.tgz",
			"integrity": "sha512-P43ePfOAIupkguHUycrc4qJ9kz8ZiuOUijaETwX7THt0Y/GNK7v0aa8rY816xWjZ7rJdA5XdMcpVFTKMq+RvWg==",
			"dev": true,
			"dependencies": {
				"normalize-path": "^3.0.0",
				"picomatch": "^2.0.4"
			},
			"engines": {
				"node": ">= 8"
			}
		},
		"node_modules/binary-extensions": {
			"version": "2.2.0",
			"resolved": "https://registry.npmjs.org/binary-extensions/-/binary-extensions-2.2.0.tgz",
			"integrity": "sha512-jDctJ/IVQbZoJykoeHbhXpOlNBqGNcwXJKJog42E5HDPUwQTSdjCHdihjj0DlnheQ7blbT6dHOafNAiS8ooQKA==",
			"dev": true,
			"engines": {
				"node": ">=8"
			}
		},
		"node_modules/braces": {
			"version": "3.0.2",
			"resolved": "https://registry.npmjs.org/braces/-/braces-3.0.2.tgz",
			"integrity": "sha512-b8um+L1RzM3WDSzvhm6gIz1yfTbBt6YTlcEKAvsmqCZZFw46z626lVj9j1yEPW33H5H+lBQpZMP1k8l+78Ha0A==",
			"dev": true,
			"dependencies": {
				"fill-range": "^7.0.1"
			},
			"engines": {
				"node": ">=8"
			}
		},
		"node_modules/chokidar": {
			"version": "3.5.3",
			"resolved": "https://registry.npmjs.org/chokidar/-/chokidar-3.5.3.tgz",
			"integrity": "sha512-Dr3sfKRP6oTcjf2JmUmFJfeVMvXBdegxB0iVQ5eb2V10uFJUCAS8OByZdVAyVb8xXNz3GjjTgj9kLWsZTqE6kw==",
			"dev": true,
			"funding": [
				{
					"type": "individual",
					"url": "https://paulmillr.com/funding/"
				}
			],
			"dependencies": {
				"anymatch": "~3.1.2",
				"braces": "~3.0.2",
				"glob-parent": "~5.1.2",
				"is-binary-path": "~2.1.0",
				"is-glob": "~4.0.1",
				"normalize-path": "~3.0.0",
				"readdirp": "~3.6.0"
			},
			"engines": {
				"node": ">= 8.10.0"
			},
			"optionalDependencies": {
				"fsevents": "~2.3.2"
			}
		},
		"node_modules/fill-range": {
			"version": "7.0.1",
			"resolved": "https://registry.npmjs.org/fill-range/-/fill-range-7.0.1.tgz",
			"integrity": "sha512-qOo9F+dMUmC2Lcb4BbVvnKJxTPjCm+RRpe4gDuGrzkL7mEVl/djYSu2OdQ2Pa302N4oqkSg9ir6jaLWJ2USVpQ==",
			"dev": true,
			"dependencies": {
				"to-regex-range": "^5.0.1"
			},
			"engines": {
				"node": ">=8"
			}
		},
		"node_modules/fsevents": {
			"version": "2.3.2",
			"resolved": "https://registry.npmjs.org/fsevents/-/fsevents-2.3.2.tgz",
			"integrity": "sha512-xiqMQR4xAeHTuB9uWm+fFRcIOgKBMiOBP+eXiyT7jsgVCq1bkVygt00oASowB7EdtpOHaaPgKt812P9ab+DDKA==",
			"dev": true,
			"hasInstallScript": true,
			"optional": true,
			"os": [
				"darwin"
			],
			"engines": {
				"node": "^8.16.0 || ^10.6.0 || >=11.0.0"
			}
		},
		"node_modules/glob-parent": {
			"version": "5.1.2",
			"resolved": "https://registry.npmjs.org/glob-parent/-/glob-parent-5.1.2.tgz",
			"integrity": "sha512-AOIgSQCepiJYwP3ARnGx+5VnTu2HBYdzbGP45eLw1vr3zB3vZLeyed1sC9hnbcOc9/SrMyM5RPQrkGz4aS9Zow==",
			"dev": true,
			"dependencies": {
				"is-glob": "^4.0.1"
			},
			"engines": {
				"node": ">= 6"
			}
		},
		"node_modules/immutable": {
			"version": "4.0.0",
			"resolved": "https://registry.npmjs.org/immutable/-/immutable-4.0.0.tgz",
			"integrity": "sha512-zIE9hX70qew5qTUjSS7wi1iwj/l7+m54KWU247nhM3v806UdGj1yDndXj+IOYxxtW9zyLI+xqFNZjTuDaLUqFw==",
			"dev": true
		},
		"node_modules/is-binary-path": {
			"version": "2.1.0",
			"resolved": "https://registry.npmjs.org/is-binary-path/-/is-binary-path-2.1.0.tgz",
			"integrity": "sha512-ZMERYes6pDydyuGidse7OsHxtbI7WVeUEozgR/g7rd0xUimYNlvZRE/K2MgZTjWy725IfelLeVcEM97mmtRGXw==",
			"dev": true,
			"dependencies": {
				"binary-extensions": "^2.0.0"
			},
			"engines": {
				"node": ">=8"
			}
		},
		"node_modules/is-extglob": {
			"version": "2.1.1",
			"resolved": "https://registry.npmjs.org/is-extglob/-/is-extglob-2.1.1.tgz",
			"integrity": "sha1-qIwCU1eR8C7TfHahueqXc8gz+MI=",
			"dev": true,
			"engines": {
				"node": ">=0.10.0"
			}
		},
		"node_modules/is-glob": {
			"version": "4.0.3",
			"resolved": "https://registry.npmjs.org/is-glob/-/is-glob-4.0.3.tgz",
			"integrity": "sha512-xelSayHH36ZgE7ZWhli7pW34hNbNl8Ojv5KVmkJD4hBdD3th8Tfk9vYasLM+mXWOZhFkgZfxhLSnrwRr4elSSg==",
			"dev": true,
			"dependencies": {
				"is-extglob": "^2.1.1"
			},
			"engines": {
				"node": ">=0.10.0"
			}
		},
		"node_modules/is-number": {
			"version": "7.0.0",
			"resolved": "https://registry.npmjs.org/is-number/-/is-number-7.0.0.tgz",
			"integrity": "sha512-41Cifkg6e8TylSpdtTpeLVMqvSBEVzTttHvERD741+pnZ8ANv0004MRL43QKPDlK9cGvNp6NZWZUBlbGXYxxng==",
			"dev": true,
			"engines": {
				"node": ">=0.12.0"
			}
		},
		"node_modules/normalize-path": {
			"version": "3.0.0",
			"resolved": "https://registry.npmjs.org/normalize-path/-/normalize-path-3.0.0.tgz",
			"integrity": "sha512-6eZs5Ls3WtCisHWp9S2GUy8dqkpGi4BVSz3GaqiE6ezub0512ESztXUwUB6C6IKbQkY2Pnb/mD4WYojCRwcwLA==",
			"dev": true,
			"engines": {
				"node": ">=0.10.0"
			}
		},
		"node_modules/picomatch": {
			"version": "2.3.1",
			"resolved": "https://registry.npmjs.org/picomatch/-/picomatch-2.3.1.tgz",
			"integrity": "sha512-JU3teHTNjmE2VCGFzuY8EXzCDVwEqB2a8fsIvwaStHhAWJEeVd1o1QD80CU6+ZdEXXSLbSsuLwJjkCBWqRQUVA==",
			"dev": true,
			"engines": {
				"node": ">=8.6"
			},
			"funding": {
				"url": "https://github.com/sponsors/jonschlinkert"
			}
		},
		"node_modules/readdirp": {
			"version": "3.6.0",
			"resolved": "https://registry.npmjs.org/readdirp/-/readdirp-3.6.0.tgz",
			"integrity": "sha512-hOS089on8RduqdbhvQ5Z37A0ESjsqz6qnRcffsMU3495FuTdqSm+7bhJ29JvIOsBDEEnan5DPu9t3To9VRlMzA==",
			"dev": true,
			"dependencies": {
				"picomatch": "^2.2.1"
			},
			"engines": {
				"node": ">=8.10.0"
			}
		},
		"node_modules/sass": {
			"version": "1.50.0",
			"resolved": "https://registry.npmjs.org/sass/-/sass-1.50.0.tgz",
			"integrity": "sha512-cLsD6MEZ5URXHStxApajEh7gW189kkjn4Rc8DQweMyF+o5HF5nfEz8QYLMlPsTOD88DknatTmBWkOcw5/LnJLQ==",
			"dev": true,
			"dependencies": {
				"chokidar": ">=3.0.0 <4.0.0",
				"immutable": "^4.0.0",
				"source-map-js": ">=0.6.2 <2.0.0"
			},
			"bin": {
				"sass": "sass.js"
			},
			"engines": {
				"node": ">=12.0.0"
			}
		},
		"node_modules/source-map-js": {
			"version": "1.0.2",
			"resolved": "https://registry.npmjs.org/source-map-js/-/source-map-js-1.0.2.tgz",
			"integrity": "sha512-R0XvVJ9WusLiqTCEiGCmICCMplcCkIwwR11mOSD9CR5u+IXYdiseeEuXCVAjS54zqwkLcPNnmU4OeJ6tUrWhDw==",
			"dev": true,
			"engines": {
				"node": ">=0.10.0"
			}
		},
		"node_modules/to-regex-range": {
			"version": "5.0.1",
			"resolved": "https://registry.npmjs.org/to-regex-range/-/to-regex-range-5.0.1.tgz",
			"integrity": "sha512-65P7iz6X5yEr1cwcgvQxbbIw7Uk3gOy5dIdtZ4rDveLqhrdJP+Li/Hx6tyK0NEb+2GCyneCMJiGqrADCSNk8sQ==",
			"dev": true,
			"dependencies": {
				"is-number": "^7.0.0"
			},
			"engines": {
				"node": ">=8.0"
			}
		}
	},
	"dependencies": {
		"anymatch": {
			"version": "3.1.2",
			"resolved": "https://registry.npmjs.org/anymatch/-/anymatch-3.1.2.tgz",
			"integrity": "sha512-P43ePfOAIupkguHUycrc4qJ9kz8ZiuOUijaETwX7THt0Y/GNK7v0aa8rY816xWjZ7rJdA5XdMcpVFTKMq+RvWg==",
			"dev": true,
			"requires": {
				"normalize-path": "^3.0.0",
				"picomatch": "^2.0.4"
			}
		},
		"binary-extensions": {
			"version": "2.2.0",
			"resolved": "https://registry.npmjs.org/binary-extensions/-/binary-extensions-2.2.0.tgz",
			"integrity": "sha512-jDctJ/IVQbZoJykoeHbhXpOlNBqGNcwXJKJog42E5HDPUwQTSdjCHdihjj0DlnheQ7blbT6dHOafNAiS8ooQKA==",
			"dev": true
		},
		"braces": {
			"version": "3.0.2",
			"resolved": "https://registry.npmjs.org/braces/-/braces-3.0.2.tgz",
			"integrity": "sha512-b8um+L1RzM3WDSzvhm6gIz1yfTbBt6YTlcEKAvsmqCZZFw46z626lVj9j1yEPW33H5H+lBQpZMP1k8l+78Ha0A==",
			"dev": true,
			"requires": {
				"fill-range": "^7.0.1"
			}
		},
		"chokidar": {
			"version": "3.5.3",
			"resolved": "https://registry.npmjs.org/chokidar/-/chokidar-3.5.3.tgz",
			"integrity": "sha512-Dr3sfKRP6oTcjf2JmUmFJfeVMvXBdegxB0iVQ5eb2V10uFJUCAS8OByZdVAyVb8xXNz3GjjTgj9kLWsZTqE6kw==",
			"dev": true,
			"requires": {
				"anymatch": "~3.1.2",
				"braces": "~3.0.2",
				"fsevents": "~2.3.2",
				"glob-parent": "~5.1.2",
				"is-binary-path": "~2.1.0",
				"is-glob": "~4.0.1",
				"normalize-path": "~3.0.0",
				"readdirp": "~3.6.0"
			}
		},
		"fill-range": {
			"version": "7.0.1",
			"resolved": "https://registry.npmjs.org/fill-range/-/fill-range-7.0.1.tgz",
			"integrity": "sha512-qOo9F+dMUmC2Lcb4BbVvnKJxTPjCm+RRpe4gDuGrzkL7mEVl/djYSu2OdQ2Pa302N4oqkSg9ir6jaLWJ2USVpQ==",
			"dev": true,
			"requires": {
				"to-regex-range": "^5.0.1"
			}
		},
		"fsevents": {
			"version": "2.3.2",
			"resolved": "https://registry.npmjs.org/fsevents/-/fsevents-2.3.2.tgz",
			"integrity": "sha512-xiqMQR4xAeHTuB9uWm+fFRcIOgKBMiOBP+eXiyT7jsgVCq1bkVygt00oASowB7EdtpOHaaPgKt812P9ab+DDKA==",
			"dev": true,
			"optional": true
		},
		"glob-parent": {
			"version": "5.1.2",
			"resolved": "https://registry.npmjs.org/glob-parent/-/glob-parent-5.1.2.tgz",
			"integrity": "sha512-AOIgSQCepiJYwP3ARnGx+5VnTu2HBYdzbGP45eLw1vr3zB3vZLeyed1sC9hnbcOc9/SrMyM5RPQrkGz4aS9Zow==",
			"dev": true,
			"requires": {
				"is-glob": "^4.0.1"
			}
		},
		"immutable": {
			"version": "4.0.0",
			"resolved": "https://registry.npmjs.org/immutable/-/immutable-4.0.0.tgz",
			"integrity": "sha512-zIE9hX70qew5qTUjSS7wi1iwj/l7+m54KWU247nhM3v806UdGj1yDndXj+IOYxxtW9zyLI+xqFNZjTuDaLUqFw==",
			"dev": true
		},
		"is-binary-path": {
			"version": "2.1.0",
			"resolved": "https://registry.npmjs.org/is-binary-path/-/is-binary-path-2.1.0.tgz",
			"integrity": "sha512-ZMERYes6pDydyuGidse7OsHxtbI7WVeUEozgR/g7rd0xUimYNlvZRE/K2MgZTjWy725IfelLeVcEM97mmtRGXw==",
			"dev": true,
			"requires": {
				"binary-extensions": "^2.0.0"
			}
		},
		"is-extglob": {
			"version": "2.1.1",
			"resolved": "https://registry.npmjs.org/is-extglob/-/is-extglob-2.1.1.tgz",
			"integrity": "sha1-qIwCU1eR8C7TfHahueqXc8gz+MI=",
			"dev": true
		},
		"is-glob": {
			"version": "4.0.3",
			"resolved": "https://registry.npmjs.org/is-glob/-/is-glob-4.0.3.tgz",
			"integrity": "sha512-xelSayHH36ZgE7ZWhli7pW34hNbNl8Ojv5KVmkJD4hBdD3th8Tfk9vYasLM+mXWOZhFkgZfxhLSnrwRr4elSSg==",
			"dev": true,
			"requires": {
				"is-extglob": "^2.1.1"
			}
		},
		"is-number": {
			"version": "7.0.0",
			"resolved": "https://registry.npmjs.org/is-number/-/is-number-7.0.0.tgz",
			"integrity": "sha512-41Cifkg6e8TylSpdtTpeLVMqvSBEVzTttHvERD741+pnZ8ANv0004MRL43QKPDlK9cGvNp6NZWZUBlbGXYxxng==",
			"dev": true
		},
		"normalize-path": {
			"version": "3.0.0",
			"resolved": "https://registry.npmjs.org/normalize-path/-/normalize-path-3.0.0.tgz",
			"integrity": "sha512-6eZs5Ls3WtCisHWp9S2GUy8dqkpGi4BVSz3GaqiE6ezub0512ESztXUwUB6C6IKbQkY2Pnb/mD4WYojCRwcwLA==",
			"dev": true
		},
		"picomatch": {
			"version": "2.3.1",
			"resolved": "https://registry.npmjs.org/picomatch/-/picomatch-2.3.1.tgz",
			"integrity": "sha512-JU3teHTNjmE2VCGFzuY8EXzCDVwEqB2a8fsIvwaStHhAWJEeVd1o1QD80CU6+ZdEXXSLbSsuLwJjkCBWqRQUVA==",
			"dev": true
		},
		"readdirp": {
			"version": "3.6.0",
			"resolved": "https://registry.npmjs.org/readdirp/-/readdirp-3.6.0.tgz",
			"integrity": "sha512-hOS089on8RduqdbhvQ5Z37A0ESjsqz6qnRcffsMU3495FuTdqSm+7bhJ29JvIOsBDEEnan5DPu9t3To9VRlMzA==",
			"dev": true,
			"requires": {
				"picomatch": "^2.2.1"
			}
		},
		"sass": {
			"version": "1.50.0",
			"resolved": "https://registry.npmjs.org/sass/-/sass-1.50.0.tgz",
			"integrity": "sha512-cLsD6MEZ5URXHStxApajEh7gW189kkjn4Rc8DQweMyF+o5HF5nfEz8QYLMlPsTOD88DknatTmBWkOcw5/LnJLQ==",
			"dev": true,
			"requires": {
				"chokidar": ">=3.0.0 <4.0.0",
				"immutable": "^4.0.0",
				"source-map-js": ">=0.6.2 <2.0.0"
			}
		},
		"source-map-js": {
			"version": "1.0.2",
			"resolved": "https://registry.npmjs.org/source-map-js/-/source-map-js-1.0.2.tgz",
			"integrity": "sha512-R0XvVJ9WusLiqTCEiGCmICCMplcCkIwwR11mOSD9CR5u+IXYdiseeEuXCVAjS54zqwkLcPNnmU4OeJ6tUrWhDw==",
			"dev": true
		},
		"to-regex-range": {
			"version": "5.0.1",
			"resolved": "https://registry.npmjs.org/to-regex-range/-/to-regex-range-5.0.1.tgz",
			"integrity": "sha512-65P7iz6X5yEr1cwcgvQxbbIw7Uk3gOy5dIdtZ4rDveLqhrdJP+Li/Hx6tyK0NEb+2GCyneCMJiGqrADCSNk8sQ==",
			"dev": true,
			"requires": {
				"is-number": "^7.0.0"
			}
		}
	}
}
