{
	"name": "@smui/common",
	"version": "2.0.0-beta.1",
	"lockfileVersion": 1,
	"requires": true,
	"dependencies": {
		"svelte": {
			"version": "3.9.1",
			"resolved": "https://registry.npmjs.org/svelte/-/svelte-3.9.1.tgz",
			"integrity": "sha512-oy6FjffuCzPueBnzs8SxkV5VaOS+VX/eUywgE9LCA+skKdXt7wFlpKH3DNi1Uy+K23sb9bzlWxn0AaDQOnEUEw=="
		}
	}
}
