{
	"name": "@smui/common",
	"version": "3.0.0-beta.6",
	"lockfileVersion": 2,
	"requires": true,
	"packages": {
		"": {
			"name": "@smui/common",
			"version": "3.0.0-beta.0",
			"license": "Apache-2.0",
			"dependencies": {
				"svelte": "^3.35.0"
			}
		},
		"node_modules/svelte": {
			"version": "3.35.0",
			"resolved": "https://registry.npmjs.org/svelte/-/svelte-3.35.0.tgz",
			"integrity": "sha512-gknlZkR2sXheu/X+B7dDImwANVvK1R0QGQLd8CNIfxxGPeXBmePnxfzb6fWwTQRsYQG7lYkZXvpXJvxvpsoB7g==",
			"engines": {
				"node": ">= 8"
			}
		}
	},
	"dependencies": {
		"svelte": {
			"version": "3.35.0",
			"resolved": "https://registry.npmjs.org/svelte/-/svelte-3.35.0.tgz",
			"integrity": "sha512-gknlZkR2sXheu/X+B7dDImwANVvK1R0QGQLd8CNIfxxGPeXBmePnxfzb6fWwTQRsYQG7lYkZXvpXJvxvpsoB7g=="
		}
	}
}
