{
	"name": "@smui/common",
	"version": "2.0.0-beta.1",
	"lockfileVersion": 1,
	"requires": true,
	"dependencies": {
		"svelte": {
			"version": "3.35.0",
			"resolved": "https://registry.npmjs.org/svelte/-/svelte-3.35.0.tgz",
			"integrity": "sha512-gknlZkR2sXheu/X+B7dDImwANVvK1R0QGQLd8CNIfxxGPeXBmePnxfzb6fWwTQRsYQG7lYkZXvpXJvxvpsoB7g=="
		}
	}
}
