{
	"name": "@smui/tab-bar",
	"version": "1.0.0-beta.11",
	"lockfileVersion": 1,
	"requires": true,
	"dependencies": {
		"@material/animation": {
			"version": "3.1.0",
			"resolved": "https://registry.npmjs.org/@material/animation/-/animation-3.1.0.tgz",
			"integrity": "sha512-ZfP95awrPBLhpaCTPNx+xKYPp2D88fzf5p5YNVp6diUAGRpq3g12Aq7qJfIHDXAFo5CtrYhgOKRqIKxUVcFisQ==",
			"requires": {
				"tslib": "^1.9.3"
			}
		},
		"@material/base": {
			"version": "3.1.0",
			"resolved": "https://registry.npmjs.org/@material/base/-/base-3.1.0.tgz",
			"integrity": "sha512-pWEBHyPrMV3rdnjqWWH96h5t3MxQI6V1J9jOor+UBG7bXQtr6InTabTqhz5CLY7r+qZU8YvNh2OKIy8heP0cyQ==",
			"requires": {
				"tslib": "^1.9.3"
			}
		},
		"@material/dom": {
			"version": "3.1.0",
			"resolved": "https://registry.npmjs.org/@material/dom/-/dom-3.1.0.tgz",
			"integrity": "sha512-RtBLSkrBjMfHwknaGBifAIC8cBWF9pXjz2IYqfI2braB6SfQI4vhdJviwyiA5BmA/psn3cKpBUZbHI0ym0O0SQ==",
			"requires": {
				"tslib": "^1.9.3"
			}
		},
		"@material/elevation": {
			"version": "3.1.0",
			"resolved": "https://registry.npmjs.org/@material/elevation/-/elevation-3.1.0.tgz",
			"integrity": "sha512-e45LqiG6LfbR1M52YkSLA7pQPeYJOuOVzLp27xy2072TnLuJexMxhEaG4O1novEIjsTtMjqfrfJ/koODU5vEew==",
			"requires": {
				"@material/animation": "^3.1.0",
				"@material/feature-targeting": "^3.1.0",
				"@material/theme": "^3.1.0"
			}
		},
		"@material/feature-targeting": {
			"version": "3.1.0",
			"resolved": "https://registry.npmjs.org/@material/feature-targeting/-/feature-targeting-3.1.0.tgz",
			"integrity": "sha512-aXAa1Pv6w32URacE9LfMsl9zI6hFwx1K0Lp3Xpyf4rAkmaAB6z0gOkhicOrVFc0f64YheJgHjE7hJFieVenQdw=="
		},
		"@material/ripple": {
			"version": "3.1.0",
			"resolved": "https://registry.npmjs.org/@material/ripple/-/ripple-3.1.0.tgz",
			"integrity": "sha512-mYvd2iWbQyVd6aLS9alHShoL05p/D0cvh5h1ga3atz55azooMLhGsbbE1YlEqUDKHKNuNvdVFm+0IfWdvvRgsw==",
			"requires": {
				"@material/animation": "^3.1.0",
				"@material/base": "^3.1.0",
				"@material/dom": "^3.1.0",
				"@material/feature-targeting": "^3.1.0",
				"@material/theme": "^3.1.0",
				"tslib": "^1.9.3"
			}
		},
		"@material/rtl": {
			"version": "3.1.0",
			"resolved": "https://registry.npmjs.org/@material/rtl/-/rtl-3.1.0.tgz",
			"integrity": "sha512-HH19edQNb139zC+1SZ6/C9G92E54fUrnnW9AAF7t5eGjGdF26YJXJ/uhz+TnFhNUMi/QGrKUSycd4o73nU1m4A=="
		},
		"@material/tab": {
			"version": "3.1.0",
			"resolved": "https://registry.npmjs.org/@material/tab/-/tab-3.1.0.tgz",
			"integrity": "sha512-AcHlmS5l0rjHTEP1GuVVt6F7h8NqzlLMM1cXabHTrZYPvF2QwHnFnMesE74TJPHArW9xMgP7wYsJ88ZREolRow==",
			"requires": {
				"@material/base": "^3.1.0",
				"@material/feature-targeting": "^3.1.0",
				"@material/ripple": "^3.1.0",
				"@material/rtl": "^3.1.0",
				"@material/tab-indicator": "^3.1.0",
				"@material/theme": "^3.1.0",
				"@material/typography": "^3.1.0",
				"tslib": "^1.9.3"
			}
		},
		"@material/tab-bar": {
			"version": "3.1.0",
			"resolved": "https://registry.npmjs.org/@material/tab-bar/-/tab-bar-3.1.0.tgz",
			"integrity": "sha512-ixfvNtSHlNKJ51M4BWvdsvpu2NKdOZTG6+9p77GdHQf0AUiRSWErWcG5yDPVLc7vkfcoszpJs1bgu01nVacQ3A==",
			"requires": {
				"@material/base": "^3.1.0",
				"@material/elevation": "^3.1.0",
				"@material/feature-targeting": "^3.1.0",
				"@material/tab": "^3.1.0",
				"@material/tab-scroller": "^3.1.0",
				"tslib": "^1.9.3"
			}
		},
		"@material/tab-indicator": {
			"version": "3.1.0",
			"resolved": "https://registry.npmjs.org/@material/tab-indicator/-/tab-indicator-3.1.0.tgz",
			"integrity": "sha512-U4H1bg792ZP4BzjiG3i3htHKmRGlGUZ8c9iroRN6W5B4hYQ5/4DbFA2h2OaAZ1fhyjHiyFosK5ctvgu7qSfZ/g==",
			"requires": {
				"@material/animation": "^3.1.0",
				"@material/base": "^3.1.0",
				"@material/feature-targeting": "^3.1.0",
				"@material/theme": "^3.1.0",
				"tslib": "^1.9.3"
			}
		},
		"@material/tab-scroller": {
			"version": "3.1.0",
			"resolved": "https://registry.npmjs.org/@material/tab-scroller/-/tab-scroller-3.1.0.tgz",
			"integrity": "sha512-tV/+imklWOrbZuNF1egCbIY2/sHunSmxdiyW2ppF1t26M8NnKYHv7H5JRejdJDAwODWrmvMhwXE+rPBT50FvgA==",
			"requires": {
				"@material/animation": "^3.1.0",
				"@material/base": "^3.1.0",
				"@material/dom": "^3.1.0",
				"@material/feature-targeting": "^3.1.0",
				"@material/tab": "^3.1.0",
				"tslib": "^1.9.3"
			}
		},
		"@material/theme": {
			"version": "3.1.0",
			"resolved": "https://registry.npmjs.org/@material/theme/-/theme-3.1.0.tgz",
			"integrity": "sha512-N4JX+akOwg1faAvFvIEhDcwW4cZfUpwEn8lct6Vs3WczjLF6/KdIoLVaYh+eVl1bzfsoIuWvx56j0B1PjXZw9g==",
			"requires": {
				"@material/feature-targeting": "^3.1.0"
			}
		},
		"@material/typography": {
			"version": "3.1.0",
			"resolved": "https://registry.npmjs.org/@material/typography/-/typography-3.1.0.tgz",
			"integrity": "sha512-aSNBQvVxIH1kORSYdLGuSTivx6oJ1MSOSTUAsUwhXPQLQlvbdFeZaqUp7xgn+EvRsHGRFhWk5YGuiBds9+7zQg==",
			"requires": {
				"@material/feature-targeting": "^3.1.0"
			}
		},
		"anymatch": {
			"version": "3.1.0",
			"resolved": "https://registry.npmjs.org/anymatch/-/anymatch-3.1.0.tgz",
			"integrity": "sha512-Ozz7l4ixzI7Oxj2+cw+p0tVUt27BpaJ+1+q1TCeANWxHpvyn2+Un+YamBdfKu0uh8xLodGhoa1v7595NhKDAuA==",
			"dev": true,
			"requires": {
				"normalize-path": "^3.0.0",
				"picomatch": "^2.0.4"
			}
		},
		"binary-extensions": {
			"version": "2.0.0",
			"resolved": "https://registry.npmjs.org/binary-extensions/-/binary-extensions-2.0.0.tgz",
			"integrity": "sha512-Phlt0plgpIIBOGTT/ehfFnbNlfsDEiqmzE2KRXoX1bLIlir4X/MR+zSyBEkL05ffWgnRSf/DXv+WrUAVr93/ow==",
			"dev": true
		},
		"braces": {
			"version": "3.0.2",
			"resolved": "https://registry.npmjs.org/braces/-/braces-3.0.2.tgz",
			"integrity": "sha512-b8um+L1RzM3WDSzvhm6gIz1yfTbBt6YTlcEKAvsmqCZZFw46z626lVj9j1yEPW33H5H+lBQpZMP1k8l+78Ha0A==",
			"dev": true,
			"requires": {
				"fill-range": "^7.0.1"
			}
		},
		"chokidar": {
			"version": "3.0.2",
			"resolved": "https://registry.npmjs.org/chokidar/-/chokidar-3.0.2.tgz",
			"integrity": "sha512-c4PR2egjNjI1um6bamCQ6bUNPDiyofNQruHvKgHQ4gDUP/ITSVSzNsiI5OWtHOsX323i5ha/kk4YmOZ1Ktg7KA==",
			"dev": true,
			"requires": {
				"anymatch": "^3.0.1",
				"braces": "^3.0.2",
				"fsevents": "^2.0.6",
				"glob-parent": "^5.0.0",
				"is-binary-path": "^2.1.0",
				"is-glob": "^4.0.1",
				"normalize-path": "^3.0.0",
				"readdirp": "^3.1.1"
			}
		},
		"fill-range": {
			"version": "7.0.1",
			"resolved": "https://registry.npmjs.org/fill-range/-/fill-range-7.0.1.tgz",
			"integrity": "sha512-qOo9F+dMUmC2Lcb4BbVvnKJxTPjCm+RRpe4gDuGrzkL7mEVl/djYSu2OdQ2Pa302N4oqkSg9ir6jaLWJ2USVpQ==",
			"dev": true,
			"requires": {
				"to-regex-range": "^5.0.1"
			}
		},
		"fsevents": {
			"version": "2.0.7",
			"resolved": "https://registry.npmjs.org/fsevents/-/fsevents-2.0.7.tgz",
			"integrity": "sha512-a7YT0SV3RB+DjYcppwVDLtn13UQnmg0SWZS7ezZD0UjnLwXmy8Zm21GMVGLaFGimIqcvyMQaOJBrop8MyOp1kQ==",
			"dev": true,
			"optional": true
		},
		"glob-parent": {
			"version": "5.0.0",
			"resolved": "https://registry.npmjs.org/glob-parent/-/glob-parent-5.0.0.tgz",
			"integrity": "sha512-Z2RwiujPRGluePM6j699ktJYxmPpJKCfpGA13jz2hmFZC7gKetzrWvg5KN3+OsIFmydGyZ1AVwERCq1w/ZZwRg==",
			"dev": true,
			"requires": {
				"is-glob": "^4.0.1"
			}
		},
		"is-binary-path": {
			"version": "2.1.0",
			"resolved": "https://registry.npmjs.org/is-binary-path/-/is-binary-path-2.1.0.tgz",
			"integrity": "sha512-ZMERYes6pDydyuGidse7OsHxtbI7WVeUEozgR/g7rd0xUimYNlvZRE/K2MgZTjWy725IfelLeVcEM97mmtRGXw==",
			"dev": true,
			"requires": {
				"binary-extensions": "^2.0.0"
			}
		},
		"is-extglob": {
			"version": "2.1.1",
			"resolved": "https://registry.npmjs.org/is-extglob/-/is-extglob-2.1.1.tgz",
			"integrity": "sha1-qIwCU1eR8C7TfHahueqXc8gz+MI=",
			"dev": true
		},
		"is-glob": {
			"version": "4.0.1",
			"resolved": "https://registry.npmjs.org/is-glob/-/is-glob-4.0.1.tgz",
			"integrity": "sha512-5G0tKtBTFImOqDnLB2hG6Bp2qcKEFduo4tZu9MT/H6NQv/ghhy30o55ufafxJ/LdH79LLs2Kfrn85TLKyA7BUg==",
			"dev": true,
			"requires": {
				"is-extglob": "^2.1.1"
			}
		},
		"is-number": {
			"version": "7.0.0",
			"resolved": "https://registry.npmjs.org/is-number/-/is-number-7.0.0.tgz",
			"integrity": "sha512-41Cifkg6e8TylSpdtTpeLVMqvSBEVzTttHvERD741+pnZ8ANv0004MRL43QKPDlK9cGvNp6NZWZUBlbGXYxxng==",
			"dev": true
		},
		"normalize-path": {
			"version": "3.0.0",
			"resolved": "https://registry.npmjs.org/normalize-path/-/normalize-path-3.0.0.tgz",
			"integrity": "sha512-6eZs5Ls3WtCisHWp9S2GUy8dqkpGi4BVSz3GaqiE6ezub0512ESztXUwUB6C6IKbQkY2Pnb/mD4WYojCRwcwLA==",
			"dev": true
		},
		"picomatch": {
			"version": "2.0.7",
			"resolved": "https://registry.npmjs.org/picomatch/-/picomatch-2.0.7.tgz",
			"integrity": "sha512-oLHIdio3tZ0qH76NybpeneBhYVj0QFTfXEFTc/B3zKQspYfYYkWYgFsmzo+4kvId/bQRcNkVeguI3y+CD22BtA==",
			"dev": true
		},
		"readdirp": {
			"version": "3.1.2",
			"resolved": "https://registry.npmjs.org/readdirp/-/readdirp-3.1.2.tgz",
			"integrity": "sha512-8rhl0xs2cxfVsqzreYCvs8EwBfn/DhVdqtoLmw19uI3SC5avYX9teCurlErfpPXGmYtMHReGaP2RsLnFvz/lnw==",
			"dev": true,
			"requires": {
				"picomatch": "^2.0.4"
			}
		},
		"sass": {
			"version": "1.23.0-module.beta.1",
			"resolved": "https://registry.npmjs.org/sass/-/sass-1.23.0-module.beta.1.tgz",
			"integrity": "sha512-Cb6l+z/z5mIpOe8lPp+DttHhHyb6J8SsscSIhLUzqDH2Ta2+9mpz8TRvYezD1n+Ey1TWi3EKz8VUPg42Zc1vmA==",
			"dev": true,
			"requires": {
				"chokidar": ">=2.0.0 <4.0.0"
			}
		},
		"to-regex-range": {
			"version": "5.0.1",
			"resolved": "https://registry.npmjs.org/to-regex-range/-/to-regex-range-5.0.1.tgz",
			"integrity": "sha512-65P7iz6X5yEr1cwcgvQxbbIw7Uk3gOy5dIdtZ4rDveLqhrdJP+Li/Hx6tyK0NEb+2GCyneCMJiGqrADCSNk8sQ==",
			"dev": true,
			"requires": {
				"is-number": "^7.0.0"
			}
		},
		"tslib": {
			"version": "1.10.0",
			"resolved": "https://registry.npmjs.org/tslib/-/tslib-1.10.0.tgz",
			"integrity": "sha512-qOebF53frne81cf0S9B41ByenJ3/IuH8yJKngAX35CmiZySA0khhkovshKK+jGCaMnVomla7gVlIcc3EvKPbTQ=="
		}
	}
}
