{
	"name": "@smui/tooltip",
	"version": "6.0.0-beta.14",
	"lockfileVersion": 2,
	"requires": true,
	"packages": {
		"": {
			"name": "@smui/tooltip",
			"version": "6.0.0-beta.13",
			"license": "Apache-2.0",
			"devDependencies": {
				"@tsconfig/svelte": "^3.0.0"
			}
		},
		"node_modules/@tsconfig/svelte": {
			"version": "3.0.0",
			"resolved": "https://registry.npmjs.org/@tsconfig/svelte/-/svelte-3.0.0.tgz",
			"integrity": "sha512-pYrtLtOwku/7r1i9AMONsJMVYAtk3hzOfiGNekhtq5tYBGA7unMve8RvUclKLMT3PrihvJqUmzsRGh0RP84hKg==",
			"dev": true
		}
	},
	"dependencies": {
		"@tsconfig/svelte": {
			"version": "3.0.0",
			"resolved": "https://registry.npmjs.org/@tsconfig/svelte/-/svelte-3.0.0.tgz",
			"integrity": "sha512-pYrtLtOwku/7r1i9AMONsJMVYAtk3hzOfiGNekhtq5tYBGA7unMve8RvUclKLMT3PrihvJqUmzsRGh0RP84hKg==",
			"dev": true
		}
	}
}
