{
	"name": "@smui/card",
	"version": "1.0.0",
	"lockfileVersion": 1,
	"requires": true,
	"dependencies": {
		"@material/animation": {
			"version": "7.0.0",
			"resolved": "https://registry.npmjs.org/@material/animation/-/animation-7.0.0.tgz",
			"integrity": "sha512-h0Ge337zBQk8FRin0xnO2fkFkxhidgUhekEtjrDf8F6m39WFr+VTw7hm7MrF1TejW5wdf+V+app7bvRYICMu1A==",
			"requires": {
				"tslib": "^1.9.3"
			}
		},
		"@material/base": {
			"version": "7.0.0",
			"resolved": "https://registry.npmjs.org/@material/base/-/base-7.0.0.tgz",
			"integrity": "sha512-FGWvJ14EvUCOC3hV9L26hqtGro6wVs3mKVIlQfYZYLcCZ/XRF7z5sfs/3eTbB2QVd3mC4jRdYlnnxfe/ptcYOA==",
			"requires": {
				"tslib": "^1.9.3"
			}
		},
		"@material/card": {
			"version": "7.0.0",
			"resolved": "https://registry.npmjs.org/@material/card/-/card-7.0.0.tgz",
			"integrity": "sha512-dkFIA4mrMOvzmTJOOH45dBSYJ5xwwYVqfmWak/iI2ykIHKPNLaWviYSy5zON4VUV3M8/Y561BX8pIt6PCGMxeQ==",
			"requires": {
				"@material/elevation": "^7.0.0",
				"@material/feature-targeting": "^7.0.0",
				"@material/ripple": "^7.0.0",
				"@material/rtl": "^7.0.0",
				"@material/shape": "^7.0.0",
				"@material/theme": "^7.0.0"
			}
		},
		"@material/dom": {
			"version": "7.0.0",
			"resolved": "https://registry.npmjs.org/@material/dom/-/dom-7.0.0.tgz",
			"integrity": "sha512-8wtiYpITidoEM+Oi2kksqaepmxip+NuThBudRdpM/BA7mx/WKSnWnyIA3b4anIdRsKdlaYTQ0ONOb69r4PjfuQ==",
			"requires": {
				"@material/feature-targeting": "^7.0.0",
				"tslib": "^1.9.3"
			}
		},
		"@material/elevation": {
			"version": "7.0.0",
			"resolved": "https://registry.npmjs.org/@material/elevation/-/elevation-7.0.0.tgz",
			"integrity": "sha512-vUN/nPxWKa8+c23GMuvtsCQTY4x76U2jLO4BsI77Rr2oKuHHXcAYxyAoY/jggnpRfLZsNTmmZ4EVKbKqYgrocg==",
			"requires": {
				"@material/animation": "^7.0.0",
				"@material/base": "^7.0.0",
				"@material/feature-targeting": "^7.0.0",
				"@material/theme": "^7.0.0"
			}
		},
		"@material/feature-targeting": {
			"version": "7.0.0",
			"resolved": "https://registry.npmjs.org/@material/feature-targeting/-/feature-targeting-7.0.0.tgz",
			"integrity": "sha512-png4Ep/eW53qU0lt7ELq9B/LR+ro3jQiMkRWpKaNBBijTgRDA6LAo9mlpbMcXvovcgu8TjLce+kpL9M0HWgbWg=="
		},
		"@material/ripple": {
			"version": "7.0.0",
			"resolved": "https://registry.npmjs.org/@material/ripple/-/ripple-7.0.0.tgz",
			"integrity": "sha512-zUnE67WIuYE0Ipcn+U2NWYM1rELOIjqfRNNsfzTZ2QqQxyfS8cbnlb27Xmz7H8qt7aOV/2vo/8X3W96ynG1vNg==",
			"requires": {
				"@material/animation": "^7.0.0",
				"@material/base": "^7.0.0",
				"@material/dom": "^7.0.0",
				"@material/feature-targeting": "^7.0.0",
				"@material/theme": "^7.0.0",
				"tslib": "^1.9.3"
			}
		},
		"@material/rtl": {
			"version": "7.0.0",
			"resolved": "https://registry.npmjs.org/@material/rtl/-/rtl-7.0.0.tgz",
			"integrity": "sha512-EaEoSWiRkbkmdGWxlp8eQGZviw1wJSaX0r7DTMuUEiO1ItztfT+bVagB58ZhkQaXwus8n14RH4tlms83/+ojcQ==",
			"requires": {
				"@material/theme": "^7.0.0"
			}
		},
		"@material/shape": {
			"version": "7.0.0",
			"resolved": "https://registry.npmjs.org/@material/shape/-/shape-7.0.0.tgz",
			"integrity": "sha512-17s+B9ohHRFlFZPVDsIiZNwcxlg0Z9lPpETxhSn0CbfJ17UPSI7jQouebrF/APFSpPTyIuoW7mmB95On78Jf7A==",
			"requires": {
				"@material/feature-targeting": "^7.0.0",
				"@material/rtl": "^7.0.0",
				"@material/theme": "^7.0.0"
			}
		},
		"@material/theme": {
			"version": "7.0.0",
			"resolved": "https://registry.npmjs.org/@material/theme/-/theme-7.0.0.tgz",
			"integrity": "sha512-tuwsTG5b1SdkQHnGOCsr/2Vl/smeIWuKtr9YdeHjqiLphEAzamd9tDCzSEXaO18wLvc7xour/cbWdD6LW+q2cw==",
			"requires": {
				"@material/feature-targeting": "^7.0.0"
			}
		},
		"anymatch": {
			"version": "3.1.1",
			"resolved": "https://registry.npmjs.org/anymatch/-/anymatch-3.1.1.tgz",
			"integrity": "sha512-mM8522psRCqzV+6LhomX5wgp25YVibjh8Wj23I5RPkPppSVSjyKD2A2mBJmWGa+KN7f2D6LNh9jkBCeyLktzjg==",
			"dev": true,
			"requires": {
				"normalize-path": "^3.0.0",
				"picomatch": "^2.0.4"
			}
		},
		"balanced-match": {
			"version": "1.0.0",
			"resolved": "https://registry.npmjs.org/balanced-match/-/balanced-match-1.0.0.tgz",
			"integrity": "sha1-ibTRmasr7kneFk6gK4nORi1xt2c=",
			"dev": true
		},
		"binary-extensions": {
			"version": "2.1.0",
			"resolved": "https://registry.npmjs.org/binary-extensions/-/binary-extensions-2.1.0.tgz",
			"integrity": "sha512-1Yj8h9Q+QDF5FzhMs/c9+6UntbD5MkRfRwac8DoEm9ZfUBZ7tZ55YcGVAzEe4bXsdQHEk+s9S5wsOKVdZrw0tQ==",
			"dev": true
		},
		"brace-expansion": {
			"version": "1.1.11",
			"resolved": "https://registry.npmjs.org/brace-expansion/-/brace-expansion-1.1.11.tgz",
			"integrity": "sha512-iCuPHDFgrHX7H2vEI/5xpz07zSHB00TpugqhmYtVmMO6518mCuRMoOYFldEBl0g187ufozdaHgWKcYFb61qGiA==",
			"dev": true,
			"requires": {
				"balanced-match": "^1.0.0",
				"concat-map": "0.0.1"
			}
		},
		"braces": {
			"version": "3.0.2",
			"resolved": "https://registry.npmjs.org/braces/-/braces-3.0.2.tgz",
			"integrity": "sha512-b8um+L1RzM3WDSzvhm6gIz1yfTbBt6YTlcEKAvsmqCZZFw46z626lVj9j1yEPW33H5H+lBQpZMP1k8l+78Ha0A==",
			"dev": true,
			"requires": {
				"fill-range": "^7.0.1"
			}
		},
		"chokidar": {
			"version": "3.4.2",
			"resolved": "https://registry.npmjs.org/chokidar/-/chokidar-3.4.2.tgz",
			"integrity": "sha512-IZHaDeBeI+sZJRX7lGcXsdzgvZqKv6sECqsbErJA4mHWfpRrD8B97kSFN4cQz6nGBGiuFia1MKR4d6c1o8Cv7A==",
			"dev": true,
			"requires": {
				"anymatch": "~3.1.1",
				"braces": "~3.0.2",
				"fsevents": "~2.1.2",
				"glob-parent": "~5.1.0",
				"is-binary-path": "~2.1.0",
				"is-glob": "~4.0.1",
				"normalize-path": "~3.0.0",
				"readdirp": "~3.4.0"
			}
		},
		"commander": {
			"version": "2.20.0",
			"resolved": "https://registry.npmjs.org/commander/-/commander-2.20.0.tgz",
			"integrity": "sha512-7j2y+40w61zy6YC2iRNpUe/NwhNyoXrYpHMrSunaMG64nRnaf96zO/KMQR4OyN/UnE5KLyEBnKHd4aG3rskjpQ==",
			"dev": true
		},
		"concat-map": {
			"version": "0.0.1",
			"resolved": "https://registry.npmjs.org/concat-map/-/concat-map-0.0.1.tgz",
			"integrity": "sha1-2Klr13/Wjfd5OnMDajug1UBdR3s=",
			"dev": true
		},
		"fill-range": {
			"version": "7.0.1",
			"resolved": "https://registry.npmjs.org/fill-range/-/fill-range-7.0.1.tgz",
			"integrity": "sha512-qOo9F+dMUmC2Lcb4BbVvnKJxTPjCm+RRpe4gDuGrzkL7mEVl/djYSu2OdQ2Pa302N4oqkSg9ir6jaLWJ2USVpQ==",
			"dev": true,
			"requires": {
				"to-regex-range": "^5.0.1"
			}
		},
		"fs.realpath": {
			"version": "1.0.0",
			"resolved": "https://registry.npmjs.org/fs.realpath/-/fs.realpath-1.0.0.tgz",
			"integrity": "sha1-FQStJSMVjKpA20onh8sBQRmU6k8=",
			"dev": true
		},
		"fsevents": {
			"version": "2.1.3",
			"resolved": "https://registry.npmjs.org/fsevents/-/fsevents-2.1.3.tgz",
			"integrity": "sha512-Auw9a4AxqWpa9GUfj370BMPzzyncfBABW8Mab7BGWBYDj4Isgq+cDKtx0i6u9jcX9pQDnswsaaOTgTmA5pEjuQ==",
			"dev": true,
			"optional": true
		},
		"glob": {
			"version": "7.1.4",
			"resolved": "https://registry.npmjs.org/glob/-/glob-7.1.4.tgz",
			"integrity": "sha512-hkLPepehmnKk41pUGm3sYxoFs/umurYfYJCerbXEyFIWcAzvpipAgVkBqqT9RBKMGjnq6kMuyYwha6csxbiM1A==",
			"dev": true,
			"requires": {
				"fs.realpath": "^1.0.0",
				"inflight": "^1.0.4",
				"inherits": "2",
				"minimatch": "^3.0.4",
				"once": "^1.3.0",
				"path-is-absolute": "^1.0.0"
			}
		},
		"glob-cmd": {
			"version": "0.0.7",
			"resolved": "https://registry.npmjs.org/glob-cmd/-/glob-cmd-0.0.7.tgz",
			"integrity": "sha512-mJ0Y8KuflmBIBWqo06Lg6uCdHquJLw8hbstGZ6FKc9DHQtkhux33GtfSYexqGDRWYy0DSt8jfmV0SLiVmxpiuQ==",
			"dev": true,
			"requires": {
				"commander": "^2.15.1",
				"glob": "^7.1.2"
			}
		},
		"glob-parent": {
			"version": "5.1.1",
			"resolved": "https://registry.npmjs.org/glob-parent/-/glob-parent-5.1.1.tgz",
			"integrity": "sha512-FnI+VGOpnlGHWZxthPGR+QhR78fuiK0sNLkHQv+bL9fQi57lNNdquIbna/WrfROrolq8GK5Ek6BiMwqL/voRYQ==",
			"dev": true,
			"requires": {
				"is-glob": "^4.0.1"
			}
		},
		"inflight": {
			"version": "1.0.6",
			"resolved": "https://registry.npmjs.org/inflight/-/inflight-1.0.6.tgz",
			"integrity": "sha1-Sb1jMdfQLQwJvJEKEHW6gWW1bfk=",
			"dev": true,
			"requires": {
				"once": "^1.3.0",
				"wrappy": "1"
			}
		},
		"inherits": {
			"version": "2.0.4",
			"resolved": "https://registry.npmjs.org/inherits/-/inherits-2.0.4.tgz",
			"integrity": "sha512-k/vGaX4/Yla3WzyMCvTQOXYeIHvqOKtnqBduzTHpzpQZzAskKMhZ2K+EnBiSM9zGSoIFeMpXKxa4dYeZIQqewQ==",
			"dev": true
		},
		"is-binary-path": {
			"version": "2.1.0",
			"resolved": "https://registry.npmjs.org/is-binary-path/-/is-binary-path-2.1.0.tgz",
			"integrity": "sha512-ZMERYes6pDydyuGidse7OsHxtbI7WVeUEozgR/g7rd0xUimYNlvZRE/K2MgZTjWy725IfelLeVcEM97mmtRGXw==",
			"dev": true,
			"requires": {
				"binary-extensions": "^2.0.0"
			}
		},
		"is-extglob": {
			"version": "2.1.1",
			"resolved": "https://registry.npmjs.org/is-extglob/-/is-extglob-2.1.1.tgz",
			"integrity": "sha1-qIwCU1eR8C7TfHahueqXc8gz+MI=",
			"dev": true
		},
		"is-glob": {
			"version": "4.0.1",
			"resolved": "https://registry.npmjs.org/is-glob/-/is-glob-4.0.1.tgz",
			"integrity": "sha512-5G0tKtBTFImOqDnLB2hG6Bp2qcKEFduo4tZu9MT/H6NQv/ghhy30o55ufafxJ/LdH79LLs2Kfrn85TLKyA7BUg==",
			"dev": true,
			"requires": {
				"is-extglob": "^2.1.1"
			}
		},
		"is-number": {
			"version": "7.0.0",
			"resolved": "https://registry.npmjs.org/is-number/-/is-number-7.0.0.tgz",
			"integrity": "sha512-41Cifkg6e8TylSpdtTpeLVMqvSBEVzTttHvERD741+pnZ8ANv0004MRL43QKPDlK9cGvNp6NZWZUBlbGXYxxng==",
			"dev": true
		},
		"minimatch": {
			"version": "3.0.4",
			"resolved": "https://registry.npmjs.org/minimatch/-/minimatch-3.0.4.tgz",
			"integrity": "sha512-yJHVQEhyqPLUTgt9B83PXu6W3rx4MvvHvSUvToogpwoGDOUQ+yDrR0HRot+yOCdCO7u4hX3pWft6kWBBcqh0UA==",
			"dev": true,
			"requires": {
				"brace-expansion": "^1.1.7"
			}
		},
		"normalize-path": {
			"version": "3.0.0",
			"resolved": "https://registry.npmjs.org/normalize-path/-/normalize-path-3.0.0.tgz",
			"integrity": "sha512-6eZs5Ls3WtCisHWp9S2GUy8dqkpGi4BVSz3GaqiE6ezub0512ESztXUwUB6C6IKbQkY2Pnb/mD4WYojCRwcwLA==",
			"dev": true
		},
		"once": {
			"version": "1.4.0",
			"resolved": "https://registry.npmjs.org/once/-/once-1.4.0.tgz",
			"integrity": "sha1-WDsap3WWHUsROsF9nFC6753Xa9E=",
			"dev": true,
			"requires": {
				"wrappy": "1"
			}
		},
		"path-is-absolute": {
			"version": "1.0.1",
			"resolved": "https://registry.npmjs.org/path-is-absolute/-/path-is-absolute-1.0.1.tgz",
			"integrity": "sha1-F0uSaHNVNP+8es5r9TpanhtcX18=",
			"dev": true
		},
		"picomatch": {
			"version": "2.2.2",
			"resolved": "https://registry.npmjs.org/picomatch/-/picomatch-2.2.2.tgz",
			"integrity": "sha512-q0M/9eZHzmr0AulXyPwNfZjtwZ/RBZlbN3K3CErVrk50T2ASYI7Bye0EvekFY3IP1Nt2DHu0re+V2ZHIpMkuWg==",
			"dev": true
		},
		"readdirp": {
			"version": "3.4.0",
			"resolved": "https://registry.npmjs.org/readdirp/-/readdirp-3.4.0.tgz",
			"integrity": "sha512-0xe001vZBnJEK+uKcj8qOhyAKPzIT+gStxWr3LCB0DwcXR5NZJ3IaC+yGnHCYzB/S7ov3m3EEbZI2zeNvX+hGQ==",
			"dev": true,
			"requires": {
				"picomatch": "^2.2.1"
			}
		},
		"sass": {
			"version": "1.26.10",
			"resolved": "https://registry.npmjs.org/sass/-/sass-1.26.10.tgz",
			"integrity": "sha512-bzN0uvmzfsTvjz0qwccN1sPm2HxxpNI/Xa+7PlUEMS+nQvbyuEK7Y0qFqxlPHhiNHb1Ze8WQJtU31olMObkAMw==",
			"dev": true,
			"requires": {
				"chokidar": ">=2.0.0 <4.0.0"
			}
		},
		"to-regex-range": {
			"version": "5.0.1",
			"resolved": "https://registry.npmjs.org/to-regex-range/-/to-regex-range-5.0.1.tgz",
			"integrity": "sha512-65P7iz6X5yEr1cwcgvQxbbIw7Uk3gOy5dIdtZ4rDveLqhrdJP+Li/Hx6tyK0NEb+2GCyneCMJiGqrADCSNk8sQ==",
			"dev": true,
			"requires": {
				"is-number": "^7.0.0"
			}
		},
		"tslib": {
			"version": "1.13.0",
			"resolved": "https://registry.npmjs.org/tslib/-/tslib-1.13.0.tgz",
			"integrity": "sha512-i/6DQjL8Xf3be4K/E6Wgpekn5Qasl1usyw++dAA35Ue5orEn65VIxOA+YvNNl9HV3qv70T7CNwjODHZrLwvd1Q=="
		},
		"wrappy": {
			"version": "1.0.2",
			"resolved": "https://registry.npmjs.org/wrappy/-/wrappy-1.0.2.tgz",
			"integrity": "sha1-tSQ9jz7BqjXxNkYFvA0QNuMKtp8=",
			"dev": true
		}
	}
}
