{
	"name": "@svelte-material-ui/list",
	"version": "1.0.0-beta.5",
	"lockfileVersion": 1,
	"requires": true,
	"dependencies": {
		"@material/animation": {
			"version": "3.1.0",
			"resolved": "https://registry.npmjs.org/@material/animation/-/animation-3.1.0.tgz",
			"integrity": "sha512-ZfP95awrPBLhpaCTPNx+xKYPp2D88fzf5p5YNVp6diUAGRpq3g12Aq7qJfIHDXAFo5CtrYhgOKRqIKxUVcFisQ==",
			"requires": {
				"tslib": "^1.9.3"
			}
		},
		"@material/base": {
			"version": "3.1.0",
			"resolved": "https://registry.npmjs.org/@material/base/-/base-3.1.0.tgz",
			"integrity": "sha512-pWEBHyPrMV3rdnjqWWH96h5t3MxQI6V1J9jOor+UBG7bXQtr6InTabTqhz5CLY7r+qZU8YvNh2OKIy8heP0cyQ==",
			"requires": {
				"tslib": "^1.9.3"
			}
		},
		"@material/dom": {
			"version": "3.1.0",
			"resolved": "https://registry.npmjs.org/@material/dom/-/dom-3.1.0.tgz",
			"integrity": "sha512-RtBLSkrBjMfHwknaGBifAIC8cBWF9pXjz2IYqfI2braB6SfQI4vhdJviwyiA5BmA/psn3cKpBUZbHI0ym0O0SQ==",
			"requires": {
				"tslib": "^1.9.3"
			}
		},
		"@material/feature-targeting": {
			"version": "3.1.0",
			"resolved": "https://registry.npmjs.org/@material/feature-targeting/-/feature-targeting-3.1.0.tgz",
			"integrity": "sha512-aXAa1Pv6w32URacE9LfMsl9zI6hFwx1K0Lp3Xpyf4rAkmaAB6z0gOkhicOrVFc0f64YheJgHjE7hJFieVenQdw=="
		},
		"@material/list": {
			"version": "3.1.0",
			"resolved": "https://registry.npmjs.org/@material/list/-/list-3.1.0.tgz",
			"integrity": "sha512-JBru3jtHHZPUCAmyLGAvZewERQYzG6DK43hvLRETuChQYfER/PJGh9Kbttr+7c0Qr+yvpf5kVgNUkY2AKnPEKg==",
			"requires": {
				"@material/base": "^3.1.0",
				"@material/dom": "^3.1.0",
				"@material/feature-targeting": "^3.1.0",
				"@material/ripple": "^3.1.0",
				"@material/rtl": "^3.1.0",
				"@material/shape": "^3.1.0",
				"@material/theme": "^3.1.0",
				"@material/typography": "^3.1.0",
				"tslib": "^1.9.3"
			}
		},
		"@material/ripple": {
			"version": "3.1.0",
			"resolved": "https://registry.npmjs.org/@material/ripple/-/ripple-3.1.0.tgz",
			"integrity": "sha512-mYvd2iWbQyVd6aLS9alHShoL05p/D0cvh5h1ga3atz55azooMLhGsbbE1YlEqUDKHKNuNvdVFm+0IfWdvvRgsw==",
			"requires": {
				"@material/animation": "^3.1.0",
				"@material/base": "^3.1.0",
				"@material/dom": "^3.1.0",
				"@material/feature-targeting": "^3.1.0",
				"@material/theme": "^3.1.0",
				"tslib": "^1.9.3"
			}
		},
		"@material/rtl": {
			"version": "3.1.0",
			"resolved": "https://registry.npmjs.org/@material/rtl/-/rtl-3.1.0.tgz",
			"integrity": "sha512-HH19edQNb139zC+1SZ6/C9G92E54fUrnnW9AAF7t5eGjGdF26YJXJ/uhz+TnFhNUMi/QGrKUSycd4o73nU1m4A=="
		},
		"@material/shape": {
			"version": "3.1.0",
			"resolved": "https://registry.npmjs.org/@material/shape/-/shape-3.1.0.tgz",
			"integrity": "sha512-Oyvs7YjHfByA0e9IVVp7ojAlPwgSu3Bl0cioiE0OdkidkAaNu0izM2ryRzMBDH5o8+lRD0kpZoT+9CVVCdaYIg==",
			"requires": {
				"@material/feature-targeting": "^3.1.0"
			}
		},
		"@material/theme": {
			"version": "3.1.0",
			"resolved": "https://registry.npmjs.org/@material/theme/-/theme-3.1.0.tgz",
			"integrity": "sha512-N4JX+akOwg1faAvFvIEhDcwW4cZfUpwEn8lct6Vs3WczjLF6/KdIoLVaYh+eVl1bzfsoIuWvx56j0B1PjXZw9g==",
			"requires": {
				"@material/feature-targeting": "^3.1.0"
			}
		},
		"@material/typography": {
			"version": "3.1.0",
			"resolved": "https://registry.npmjs.org/@material/typography/-/typography-3.1.0.tgz",
			"integrity": "sha512-aSNBQvVxIH1kORSYdLGuSTivx6oJ1MSOSTUAsUwhXPQLQlvbdFeZaqUp7xgn+EvRsHGRFhWk5YGuiBds9+7zQg==",
			"requires": {
				"@material/feature-targeting": "^3.1.0"
			}
		},
		"@svelte-material-ui/common": {
			"version": "1.0.0-beta.5",
			"resolved": "https://registry.npmjs.org/@svelte-material-ui/common/-/common-1.0.0-beta.5.tgz",
			"integrity": "sha512-U/3Opz45w2dQ6saCV0L/0ND6MlRTM83Gn93Lv5mBTrVULVV0pTqpz1GjDklGxYMBenS5z/VMNr9/UgOWUwz7vg==",
			"requires": {
				"svelte": "^3.0"
			}
		},
		"svelte": {
			"version": "3.9.1",
			"resolved": "https://registry.npmjs.org/svelte/-/svelte-3.9.1.tgz",
			"integrity": "sha512-oy6FjffuCzPueBnzs8SxkV5VaOS+VX/eUywgE9LCA+skKdXt7wFlpKH3DNi1Uy+K23sb9bzlWxn0AaDQOnEUEw=="
		},
		"tslib": {
			"version": "1.10.0",
			"resolved": "https://registry.npmjs.org/tslib/-/tslib-1.10.0.tgz",
			"integrity": "sha512-qOebF53frne81cf0S9B41ByenJ3/IuH8yJKngAX35CmiZySA0khhkovshKK+jGCaMnVomla7gVlIcc3EvKPbTQ=="
		}
	}
}
