{
	"name": "@smui/notched-outline",
	"version": "1.0.0-beta.9",
	"lockfileVersion": 1,
	"requires": true,
	"dependencies": {
		"@material/animation": {
			"version": "3.1.0",
			"resolved": "https://registry.npmjs.org/@material/animation/-/animation-3.1.0.tgz",
			"integrity": "sha512-ZfP95awrPBLhpaCTPNx+xKYPp2D88fzf5p5YNVp6diUAGRpq3g12Aq7qJfIHDXAFo5CtrYhgOKRqIKxUVcFisQ==",
			"requires": {
				"tslib": "^1.9.3"
			}
		},
		"@material/base": {
			"version": "3.1.0",
			"resolved": "https://registry.npmjs.org/@material/base/-/base-3.1.0.tgz",
			"integrity": "sha512-pWEBHyPrMV3rdnjqWWH96h5t3MxQI6V1J9jOor+UBG7bXQtr6InTabTqhz5CLY7r+qZU8YvNh2OKIy8heP0cyQ==",
			"requires": {
				"tslib": "^1.9.3"
			}
		},
		"@material/feature-targeting": {
			"version": "3.1.0",
			"resolved": "https://registry.npmjs.org/@material/feature-targeting/-/feature-targeting-3.1.0.tgz",
			"integrity": "sha512-aXAa1Pv6w32URacE9LfMsl9zI6hFwx1K0Lp3Xpyf4rAkmaAB6z0gOkhicOrVFc0f64YheJgHjE7hJFieVenQdw=="
		},
		"@material/floating-label": {
			"version": "3.1.0",
			"resolved": "https://registry.npmjs.org/@material/floating-label/-/floating-label-3.1.0.tgz",
			"integrity": "sha512-dzV/h7EjEMQmiDOdL0h7kETRRrqFC+e8M5KDxnJZ3j/Gbp6JzvXrpvZwwf/DkBK6Sl6xcScmAyGKMjXRXS1O1Q==",
			"requires": {
				"@material/animation": "^3.1.0",
				"@material/base": "^3.1.0",
				"@material/rtl": "^3.1.0",
				"@material/theme": "^3.1.0",
				"@material/typography": "^3.1.0",
				"tslib": "^1.9.3"
			}
		},
		"@material/notched-outline": {
			"version": "3.1.0",
			"resolved": "https://registry.npmjs.org/@material/notched-outline/-/notched-outline-3.1.0.tgz",
			"integrity": "sha512-2kuWzBrRj+acUEllsh6w2XK3JRizT3oSx15vsEmYY8dVW8GuFSPjorNL69RpM/4cFhdBoeA9sk62YHI34qiGMw==",
			"requires": {
				"@material/animation": "^3.1.0",
				"@material/base": "^3.1.0",
				"@material/floating-label": "^3.1.0",
				"@material/rtl": "^3.1.0",
				"@material/shape": "^3.1.0",
				"@material/theme": "^3.1.0",
				"tslib": "^1.9.3"
			}
		},
		"@material/rtl": {
			"version": "3.1.0",
			"resolved": "https://registry.npmjs.org/@material/rtl/-/rtl-3.1.0.tgz",
			"integrity": "sha512-HH19edQNb139zC+1SZ6/C9G92E54fUrnnW9AAF7t5eGjGdF26YJXJ/uhz+TnFhNUMi/QGrKUSycd4o73nU1m4A=="
		},
		"@material/shape": {
			"version": "3.1.0",
			"resolved": "https://registry.npmjs.org/@material/shape/-/shape-3.1.0.tgz",
			"integrity": "sha512-Oyvs7YjHfByA0e9IVVp7ojAlPwgSu3Bl0cioiE0OdkidkAaNu0izM2ryRzMBDH5o8+lRD0kpZoT+9CVVCdaYIg==",
			"requires": {
				"@material/feature-targeting": "^3.1.0"
			}
		},
		"@material/theme": {
			"version": "3.1.0",
			"resolved": "https://registry.npmjs.org/@material/theme/-/theme-3.1.0.tgz",
			"integrity": "sha512-N4JX+akOwg1faAvFvIEhDcwW4cZfUpwEn8lct6Vs3WczjLF6/KdIoLVaYh+eVl1bzfsoIuWvx56j0B1PjXZw9g==",
			"requires": {
				"@material/feature-targeting": "^3.1.0"
			}
		},
		"@material/typography": {
			"version": "3.1.0",
			"resolved": "https://registry.npmjs.org/@material/typography/-/typography-3.1.0.tgz",
			"integrity": "sha512-aSNBQvVxIH1kORSYdLGuSTivx6oJ1MSOSTUAsUwhXPQLQlvbdFeZaqUp7xgn+EvRsHGRFhWk5YGuiBds9+7zQg==",
			"requires": {
				"@material/feature-targeting": "^3.1.0"
			}
		},
		"tslib": {
			"version": "1.10.0",
			"resolved": "https://registry.npmjs.org/tslib/-/tslib-1.10.0.tgz",
			"integrity": "sha512-qOebF53frne81cf0S9B41ByenJ3/IuH8yJKngAX35CmiZySA0khhkovshKK+jGCaMnVomla7gVlIcc3EvKPbTQ=="
		}
	}
}
